{
  "version": 4,
  "terraform_version": "1.5.7",
  "serial": 42,
  "lineage": "10ab3ff4-dcbf-a240-ddf1-e2c89b5bd641",
  "outputs": {
    "aws_instance_external_ip": {
      "value": "34.211.134.229",
      "type": "string"
    },
    "aws_instance_internal_ip": {
      "value": "172.16.0.100",
      "type": "string"
    },
    "gcp_instance_external_ip": {
      "value": "34.127.18.230",
      "type": "string"
    },
    "gcp_instance_internal_ip": {
      "value": "10.88.0.100",
      "type": "string"
    }
  },
  "resources": [
    {
      "mode": "data",
      "type": "aws_ami",
      "name": "ubuntu",
      "provider": "provider[\"registry.terraform.io/hashicorp/aws\"]",
      "instances": [
        {
          "schema_version": 0,
          "attributes": {
            "architecture": "x86_64",
            "arn": "arn:aws:ec2:us-west-2::image/ami-0b33ebbed151cf740",
            "block_device_mappings": [
              {
                "device_name": "/dev/sda1",
                "ebs": {
                  "delete_on_termination": "true",
                  "encrypted": "false",
                  "iops": "0",
                  "snapshot_id": "snap-047fd5b5b0859a905",
                  "throughput": "0",
                  "volume_size": "8",
                  "volume_type": "gp2"
                },
                "no_device": "",
                "virtual_name": ""
              },
              {
                "device_name": "/dev/sdb",
                "ebs": {},
                "no_device": "",
                "virtual_name": "ephemeral0"
              },
              {
                "device_name": "/dev/sdc",
                "ebs": {},
                "no_device": "",
                "virtual_name": "ephemeral1"
              }
            ],
            "boot_mode": "uefi-preferred",
            "creation_date": "2024-08-01T03:41:08.000Z",
            "description": "Canonical, Ubuntu, 22.04 LTS, amd64 jammy image build on 2024-08-01",
            "ena_support": true,
            "executable_users": null,
            "filter": [
              {
                "name": "name",
                "values": [
                  "ubuntu/images/hvm-ssd/ubuntu-jammy-22.04-amd64-server-*"
                ]
              },
              {
                "name": "virtualization-type",
                "values": [
                  "hvm"
                ]
              }
            ],
            "hypervisor": "xen",
            "id": "ami-0b33ebbed151cf740",
            "image_id": "ami-0b33ebbed151cf740",
            "image_location": "amazon/ubuntu/images/hvm-ssd/ubuntu-jammy-22.04-amd64-server-20240801",
            "image_owner_alias": "amazon",
            "image_type": "machine",
            "kernel_id": null,
            "most_recent": true,
            "name": "ubuntu/images/hvm-ssd/ubuntu-jammy-22.04-amd64-server-20240801",
            "name_regex": null,
            "owner_id": "099720109477",
            "owners": [
              "amazon"
            ],
            "platform": null,
            "platform_details": "Linux/UNIX",
            "product_codes": [],
            "public": true,
            "ramdisk_id": null,
            "root_device_name": "/dev/sda1",
            "root_device_type": "ebs",
            "root_snapshot_id": "snap-047fd5b5b0859a905",
            "sriov_net_support": "simple",
            "state": "available",
            "state_reason": {
              "code": "UNSET",
              "message": "UNSET"
            },
            "tags": {},
            "usage_operation": "RunInstances",
            "virtualization_type": "hvm"
          },
          "sensitive_attributes": []
        }
      ]
    },
    {
      "mode": "data",
      "type": "google_compute_zones",
      "name": "available",
      "provider": "provider[\"registry.terraform.io/hashicorp/google\"]",
      "instances": [
        {
          "schema_version": 0,
          "attributes": {
            "id": "projects/hp-gcp-aws/regions/us-west1",
            "names": [
              "us-west1-a",
              "us-west1-b",
              "us-west1-c"
            ],
            "project": "hp-gcp-aws",
            "region": "us-west1",
            "status": null
          },
          "sensitive_attributes": []
        }
      ]
    },
    {
      "mode": "managed",
      "type": "aws_customer_gateway",
      "name": "aws-cgw-1",
      "provider": "provider[\"registry.terraform.io/hashicorp/aws\"]",
      "instances": [
        {
          "schema_version": 0,
          "attributes": {
            "arn": "arn:aws:ec2:us-west-2:942700783348:customer-gateway/cgw-06f308ed984073a52",
            "bgp_asn": "65000",
            "certificate_arn": "",
            "device_name": "",
            "id": "cgw-06f308ed984073a52",
            "ip_address": "35.242.51.182",
            "tags": {
              "Name": "aws-customer-gw"
            },
            "tags_all": {
              "Name": "aws-customer-gw"
            },
            "type": "ipsec.1"
          },
          "sensitive_attributes": [],
          "private": "bnVsbA==",
          "dependencies": [
            "google_compute_ha_vpn_gateway.gcp-vpn-gw",
            "google_compute_network.tcb-gcp-network"
          ]
        }
      ]
    },
    {
      "mode": "managed",
      "type": "aws_customer_gateway",
      "name": "aws-cgw-2",
      "provider": "provider[\"registry.terraform.io/hashicorp/aws\"]",
      "instances": [
        {
          "schema_version": 0,
          "attributes": {
            "arn": "arn:aws:ec2:us-west-2:942700783348:customer-gateway/cgw-0598142169eb1b8d4",
            "bgp_asn": "65000",
            "certificate_arn": "",
            "device_name": "",
            "id": "cgw-0598142169eb1b8d4",
            "ip_address": "35.220.54.217",
            "tags": {
              "Name": "aws-customer-gw"
            },
            "tags_all": {
              "Name": "aws-customer-gw"
            },
            "type": "ipsec.1"
          },
          "sensitive_attributes": [],
          "private": "bnVsbA==",
          "dependencies": [
            "google_compute_ha_vpn_gateway.gcp-vpn-gw",
            "google_compute_network.tcb-gcp-network"
          ]
        }
      ]
    },
    {
      "mode": "managed",
      "type": "aws_default_route_table",
      "name": "tcb-aws-vpc",
      "provider": "provider[\"registry.terraform.io/hashicorp/aws\"]",
      "instances": [
        {
          "schema_version": 0,
          "attributes": {
            "arn": "arn:aws:ec2:us-west-2:942700783348:route-table/rtb-0d3036f983834364f",
            "default_route_table_id": "rtb-0d3036f983834364f",
            "id": "rtb-0d3036f983834364f",
            "owner_id": "942700783348",
            "propagating_vgws": [
              "vgw-0d0884663925a0aef"
            ],
            "route": [
              {
                "cidr_block": "0.0.0.0/0",
                "core_network_arn": "",
                "destination_prefix_list_id": "",
                "egress_only_gateway_id": "",
                "gateway_id": "igw-0a5b86cc16ae969fe",
                "instance_id": "",
                "ipv6_cidr_block": "",
                "nat_gateway_id": "",
                "network_interface_id": "",
                "transit_gateway_id": "",
                "vpc_endpoint_id": "",
                "vpc_peering_connection_id": ""
              }
            ],
            "tags": null,
            "tags_all": {},
            "timeouts": null,
            "vpc_id": "vpc-00de99d864fb07a7e"
          },
          "sensitive_attributes": [],
          "private": "eyJlMmJmYjczMC1lY2FhLTExZTYtOGY4OC0zNDM2M2JjN2M0YzAiOnsiY3JlYXRlIjoxMjAwMDAwMDAwMDAsInVwZGF0ZSI6MTIwMDAwMDAwMDAwfX0=",
          "dependencies": [
            "aws_internet_gateway.aws-vpc-igw",
            "aws_vpc.tcb-aws-vpc",
            "aws_vpn_gateway.aws-vpn-gw"
          ]
        }
      ]
    },
    {
      "mode": "managed",
      "type": "aws_eip",
      "name": "aws-ip",
      "provider": "provider[\"registry.terraform.io/hashicorp/aws\"]",
      "instances": [
        {
          "schema_version": 0,
          "attributes": {
            "address": null,
            "allocation_id": "eipalloc-0726ca683b61fa974",
            "associate_with_private_ip": "172.16.0.100",
            "association_id": "eipassoc-040d64affc55902ee",
            "carrier_ip": "",
            "customer_owned_ip": "",
            "customer_owned_ipv4_pool": "",
            "domain": "vpc",
            "id": "eipalloc-0726ca683b61fa974",
            "instance": "i-0d7c205cd2d3e4a66",
            "network_border_group": "us-west-2",
            "network_interface": "eni-0767b8f32ccc9e20d",
            "private_dns": "ip-172-16-0-100.us-west-2.compute.internal",
            "private_ip": "172.16.0.100",
            "public_dns": "ec2-34-211-134-229.us-west-2.compute.amazonaws.com",
            "public_ip": "34.211.134.229",
            "public_ipv4_pool": "amazon",
            "tags": null,
            "tags_all": {},
            "timeouts": null,
            "vpc": true
          },
          "sensitive_attributes": [],
          "private": "eyJlMmJmYjczMC1lY2FhLTExZTYtOGY4OC0zNDM2M2JjN2M0YzAiOnsiZGVsZXRlIjoxODAwMDAwMDAwMDAsInJlYWQiOjkwMDAwMDAwMDAwMCwidXBkYXRlIjozMDAwMDAwMDAwMDB9fQ==",
          "dependencies": [
            "aws_instance.tcb-aws-vm-01",
            "aws_security_group.aws-allow-icmp",
            "aws_security_group.aws-allow-internet",
            "aws_security_group.aws-allow-ssh",
            "aws_security_group.aws-allow-vpn",
            "aws_subnet.tcb-aws-subnet1",
            "aws_vpc.tcb-aws-vpc",
            "data.aws_ami.ubuntu",
            "google_compute_address.gcp-ip"
          ]
        }
      ]
    },
    {
      "mode": "managed",
      "type": "aws_instance",
      "name": "tcb-aws-vm-01",
      "provider": "provider[\"registry.terraform.io/hashicorp/aws\"]",
      "instances": [
        {
          "schema_version": 1,
          "attributes": {
            "ami": "ami-0b33ebbed151cf740",
            "arn": "arn:aws:ec2:us-west-2:942700783348:instance/i-0d7c205cd2d3e4a66",
            "associate_public_ip_address": true,
            "availability_zone": "us-west-2a",
            "capacity_reservation_specification": [
              {
                "capacity_reservation_preference": "open",
                "capacity_reservation_target": []
              }
            ],
            "cpu_core_count": 1,
            "cpu_threads_per_core": 2,
            "credit_specification": [
              {
                "cpu_credits": "unlimited"
              }
            ],
            "disable_api_termination": false,
            "ebs_block_device": [],
            "ebs_optimized": false,
            "enclave_options": [
              {
                "enabled": false
              }
            ],
            "ephemeral_block_device": [],
            "get_password_data": false,
            "hibernation": false,
            "host_id": null,
            "iam_instance_profile": "",
            "id": "i-0d7c205cd2d3e4a66",
            "instance_initiated_shutdown_behavior": "stop",
            "instance_state": "running",
            "instance_type": "t3.micro",
            "ipv6_address_count": 0,
            "ipv6_addresses": [],
            "key_name": "vm-ssh-key",
            "launch_template": [],
            "metadata_options": [
              {
                "http_endpoint": "enabled",
                "http_put_response_hop_limit": 2,
                "http_tokens": "required",
                "instance_metadata_tags": "disabled"
              }
            ],
            "monitoring": false,
            "network_interface": [],
            "outpost_arn": "",
            "password_data": "",
            "placement_group": "",
            "placement_partition_number": null,
            "primary_network_interface_id": "eni-0767b8f32ccc9e20d",
            "private_dns": "ip-172-16-0-100.us-west-2.compute.internal",
            "private_ip": "172.16.0.100",
            "public_dns": "ec2-34-215-77-98.us-west-2.compute.amazonaws.com",
            "public_ip": "34.215.77.98",
            "root_block_device": [
              {
                "delete_on_termination": true,
                "device_name": "/dev/sda1",
                "encrypted": false,
                "iops": 100,
                "kms_key_id": "",
                "tags": {},
                "throughput": 0,
                "volume_id": "vol-0567a482ceb2327bd",
                "volume_size": 8,
                "volume_type": "gp2"
              }
            ],
            "secondary_private_ips": [],
            "security_groups": [],
            "source_dest_check": true,
            "subnet_id": "subnet-01b9c702755d9b085",
            "tags": {
              "Name": "tcb-aws-vm-01"
            },
            "tags_all": {
              "Name": "tcb-aws-vm-01"
            },
            "tenancy": "default",
            "timeouts": null,
            "user_data": "d14315abf343e8e1ce4f54c666afb057e060a1a8",
            "user_data_base64": null,
            "user_data_replace_on_change": false,
            "volume_tags": null,
            "vpc_security_group_ids": [
              "sg-05fdf652a739f0ca5",
              "sg-084a32a3fd3785268",
              "sg-087b2715e5f7da533",
              "sg-0a3700a582e59db77"
            ]
          },
          "sensitive_attributes": [],
          "private": "eyJlMmJmYjczMC1lY2FhLTExZTYtOGY4OC0zNDM2M2JjN2M0YzAiOnsiY3JlYXRlIjo2MDAwMDAwMDAwMDAsImRlbGV0ZSI6MTIwMDAwMDAwMDAwMCwidXBkYXRlIjo2MDAwMDAwMDAwMDB9LCJzY2hlbWFfdmVyc2lvbiI6IjEifQ==",
          "dependencies": [
            "aws_security_group.aws-allow-icmp",
            "aws_security_group.aws-allow-internet",
            "aws_security_group.aws-allow-ssh",
            "aws_security_group.aws-allow-vpn",
            "aws_subnet.tcb-aws-subnet1",
            "aws_vpc.tcb-aws-vpc",
            "data.aws_ami.ubuntu",
            "google_compute_address.gcp-ip"
          ]
        }
      ]
    },
    {
      "mode": "managed",
      "type": "aws_internet_gateway",
      "name": "aws-vpc-igw",
      "provider": "provider[\"registry.terraform.io/hashicorp/aws\"]",
      "instances": [
        {
          "schema_version": 0,
          "attributes": {
            "arn": "arn:aws:ec2:us-west-2:942700783348:internet-gateway/igw-0a5b86cc16ae969fe",
            "id": "igw-0a5b86cc16ae969fe",
            "owner_id": "942700783348",
            "tags": {
              "Name": "aws-vpc-igw"
            },
            "tags_all": {
              "Name": "aws-vpc-igw"
            },
            "vpc_id": "vpc-00de99d864fb07a7e"
          },
          "sensitive_attributes": [],
          "private": "bnVsbA==",
          "dependencies": [
            "aws_vpc.tcb-aws-vpc"
          ]
        }
      ]
    },
    {
      "mode": "managed",
      "type": "aws_security_group",
      "name": "aws-allow-icmp",
      "provider": "provider[\"registry.terraform.io/hashicorp/aws\"]",
      "instances": [
        {
          "schema_version": 1,
          "attributes": {
            "arn": "arn:aws:ec2:us-west-2:942700783348:security-group/sg-084a32a3fd3785268",
            "description": "Allow icmp access from anywhere",
            "egress": [],
            "id": "sg-084a32a3fd3785268",
            "ingress": [
              {
                "cidr_blocks": [
                  "0.0.0.0/0"
                ],
                "description": "",
                "from_port": 8,
                "ipv6_cidr_blocks": [],
                "prefix_list_ids": [],
                "protocol": "icmp",
                "security_groups": [],
                "self": false,
                "to_port": 0
              }
            ],
            "name": "aws-allow-icmp",
            "name_prefix": "",
            "owner_id": "942700783348",
            "revoke_rules_on_delete": false,
            "tags": null,
            "tags_all": {},
            "timeouts": null,
            "vpc_id": "vpc-00de99d864fb07a7e"
          },
          "sensitive_attributes": [],
          "private": "eyJlMmJmYjczMC1lY2FhLTExZTYtOGY4OC0zNDM2M2JjN2M0YzAiOnsiY3JlYXRlIjo2MDAwMDAwMDAwMDAsImRlbGV0ZSI6OTAwMDAwMDAwMDAwfSwic2NoZW1hX3ZlcnNpb24iOiIxIn0=",
          "dependencies": [
            "aws_vpc.tcb-aws-vpc"
          ]
        }
      ]
    },
    {
      "mode": "managed",
      "type": "aws_security_group",
      "name": "aws-allow-internet",
      "provider": "provider[\"registry.terraform.io/hashicorp/aws\"]",
      "instances": [
        {
          "schema_version": 1,
          "attributes": {
            "arn": "arn:aws:ec2:us-west-2:942700783348:security-group/sg-0a3700a582e59db77",
            "description": "Allow http traffic from the internet",
            "egress": [
              {
                "cidr_blocks": [
                  "0.0.0.0/0"
                ],
                "description": "",
                "from_port": 0,
                "ipv6_cidr_blocks": [],
                "prefix_list_ids": [],
                "protocol": "-1",
                "security_groups": [],
                "self": false,
                "to_port": 0
              }
            ],
            "id": "sg-0a3700a582e59db77",
            "ingress": [
              {
                "cidr_blocks": [
                  "0.0.0.0/0"
                ],
                "description": "",
                "from_port": 80,
                "ipv6_cidr_blocks": [],
                "prefix_list_ids": [],
                "protocol": "tcp",
                "security_groups": [],
                "self": false,
                "to_port": 80
              }
            ],
            "name": "aws-allow-internet",
            "name_prefix": "",
            "owner_id": "942700783348",
            "revoke_rules_on_delete": false,
            "tags": null,
            "tags_all": {},
            "timeouts": null,
            "vpc_id": "vpc-00de99d864fb07a7e"
          },
          "sensitive_attributes": [],
          "private": "eyJlMmJmYjczMC1lY2FhLTExZTYtOGY4OC0zNDM2M2JjN2M0YzAiOnsiY3JlYXRlIjo2MDAwMDAwMDAwMDAsImRlbGV0ZSI6OTAwMDAwMDAwMDAwfSwic2NoZW1hX3ZlcnNpb24iOiIxIn0=",
          "dependencies": [
            "aws_vpc.tcb-aws-vpc"
          ]
        }
      ]
    },
    {
      "mode": "managed",
      "type": "aws_security_group",
      "name": "aws-allow-ssh",
      "provider": "provider[\"registry.terraform.io/hashicorp/aws\"]",
      "instances": [
        {
          "schema_version": 1,
          "attributes": {
            "arn": "arn:aws:ec2:us-west-2:942700783348:security-group/sg-087b2715e5f7da533",
            "description": "Allow ssh access from anywhere",
            "egress": [],
            "id": "sg-087b2715e5f7da533",
            "ingress": [
              {
                "cidr_blocks": [
                  "0.0.0.0/0"
                ],
                "description": "",
                "from_port": 22,
                "ipv6_cidr_blocks": [],
                "prefix_list_ids": [],
                "protocol": "tcp",
                "security_groups": [],
                "self": false,
                "to_port": 22
              }
            ],
            "name": "aws-allow-ssh",
            "name_prefix": "",
            "owner_id": "942700783348",
            "revoke_rules_on_delete": false,
            "tags": null,
            "tags_all": {},
            "timeouts": null,
            "vpc_id": "vpc-00de99d864fb07a7e"
          },
          "sensitive_attributes": [],
          "private": "eyJlMmJmYjczMC1lY2FhLTExZTYtOGY4OC0zNDM2M2JjN2M0YzAiOnsiY3JlYXRlIjo2MDAwMDAwMDAwMDAsImRlbGV0ZSI6OTAwMDAwMDAwMDAwfSwic2NoZW1hX3ZlcnNpb24iOiIxIn0=",
          "dependencies": [
            "aws_vpc.tcb-aws-vpc"
          ]
        }
      ]
    },
    {
      "mode": "managed",
      "type": "aws_security_group",
      "name": "aws-allow-vpn",
      "provider": "provider[\"registry.terraform.io/hashicorp/aws\"]",
      "instances": [
        {
          "schema_version": 1,
          "attributes": {
            "arn": "arn:aws:ec2:us-west-2:942700783348:security-group/sg-05fdf652a739f0ca5",
            "description": "Allow all traffic from vpn resources",
            "egress": [],
            "id": "sg-05fdf652a739f0ca5",
            "ingress": [
              {
                "cidr_blocks": [
                  "10.88.0.0/24"
                ],
                "description": "",
                "from_port": 0,
                "ipv6_cidr_blocks": [],
                "prefix_list_ids": [],
                "protocol": "-1",
                "security_groups": [],
                "self": false,
                "to_port": 0
              }
            ],
            "name": "aws-allow-vpn",
            "name_prefix": "",
            "owner_id": "942700783348",
            "revoke_rules_on_delete": false,
            "tags": null,
            "tags_all": {},
            "timeouts": null,
            "vpc_id": "vpc-00de99d864fb07a7e"
          },
          "sensitive_attributes": [],
          "private": "eyJlMmJmYjczMC1lY2FhLTExZTYtOGY4OC0zNDM2M2JjN2M0YzAiOnsiY3JlYXRlIjo2MDAwMDAwMDAwMDAsImRlbGV0ZSI6OTAwMDAwMDAwMDAwfSwic2NoZW1hX3ZlcnNpb24iOiIxIn0=",
          "dependencies": [
            "aws_vpc.tcb-aws-vpc"
          ]
        }
      ]
    },
    {
      "mode": "managed",
      "type": "aws_subnet",
      "name": "tcb-aws-subnet1",
      "provider": "provider[\"registry.terraform.io/hashicorp/aws\"]",
      "instances": [
        {
          "schema_version": 1,
          "attributes": {
            "arn": "arn:aws:ec2:us-west-2:942700783348:subnet/subnet-01b9c702755d9b085",
            "assign_ipv6_address_on_creation": false,
            "availability_zone": "us-west-2a",
            "availability_zone_id": "usw2-az2",
            "cidr_block": "172.16.0.0/24",
            "customer_owned_ipv4_pool": "",
            "enable_dns64": false,
            "enable_resource_name_dns_a_record_on_launch": false,
            "enable_resource_name_dns_aaaa_record_on_launch": false,
            "id": "subnet-01b9c702755d9b085",
            "ipv6_cidr_block": "",
            "ipv6_cidr_block_association_id": "",
            "ipv6_native": false,
            "map_customer_owned_ip_on_launch": false,
            "map_public_ip_on_launch": false,
            "outpost_arn": "",
            "owner_id": "942700783348",
            "private_dns_hostname_type_on_launch": "ip-name",
            "tags": {
              "Name": "tcb-aws-subnet1"
            },
            "tags_all": {
              "Name": "tcb-aws-subnet1"
            },
            "timeouts": null,
            "vpc_id": "vpc-00de99d864fb07a7e"
          },
          "sensitive_attributes": [],
          "private": "eyJlMmJmYjczMC1lY2FhLTExZTYtOGY4OC0zNDM2M2JjN2M0YzAiOnsiY3JlYXRlIjo2MDAwMDAwMDAwMDAsImRlbGV0ZSI6MTIwMDAwMDAwMDAwMH0sInNjaGVtYV92ZXJzaW9uIjoiMSJ9",
          "dependencies": [
            "aws_vpc.tcb-aws-vpc"
          ]
        }
      ]
    },
    {
      "mode": "managed",
      "type": "aws_vpc",
      "name": "tcb-aws-vpc",
      "provider": "provider[\"registry.terraform.io/hashicorp/aws\"]",
      "instances": [
        {
          "schema_version": 1,
          "attributes": {
            "arn": "arn:aws:ec2:us-west-2:942700783348:vpc/vpc-00de99d864fb07a7e",
            "assign_generated_ipv6_cidr_block": false,
            "cidr_block": "172.16.0.0/16",
            "default_network_acl_id": "acl-032011490a3a9ab66",
            "default_route_table_id": "rtb-0d3036f983834364f",
            "default_security_group_id": "sg-0cdc6c8d3a6befa88",
            "dhcp_options_id": "dopt-f05cc688",
            "enable_classiclink": false,
            "enable_classiclink_dns_support": false,
            "enable_dns_hostnames": true,
            "enable_dns_support": true,
            "id": "vpc-00de99d864fb07a7e",
            "instance_tenancy": "default",
            "ipv4_ipam_pool_id": null,
            "ipv4_netmask_length": null,
            "ipv6_association_id": "",
            "ipv6_cidr_block": "",
            "ipv6_cidr_block_network_border_group": "",
            "ipv6_ipam_pool_id": "",
            "ipv6_netmask_length": 0,
            "main_route_table_id": "rtb-0d3036f983834364f",
            "owner_id": "942700783348",
            "tags": {
              "Name": "tcb-aws-vpc"
            },
            "tags_all": {
              "Name": "tcb-aws-vpc"
            }
          },
          "sensitive_attributes": [],
          "private": "eyJzY2hlbWFfdmVyc2lvbiI6IjEifQ=="
        }
      ]
    },
    {
      "mode": "managed",
      "type": "aws_vpn_connection",
      "name": "aws-vpn-connection1",
      "provider": "provider[\"registry.terraform.io/hashicorp/aws\"]",
      "instances": [
        {
          "schema_version": 0,
          "attributes": {
            "arn": "arn:aws:ec2:us-west-2:942700783348:vpn-connection/vpn-0a309c406737b2967",
            "core_network_arn": "",
            "core_network_attachment_arn": "",
            "customer_gateway_configuration": "\u003c?xml version=\"1.0\" encoding=\"UTF-8\"?\u003e\n\u003cvpn_connection id=\"vpn-0a309c406737b2967\"\u003e\n  \u003ccustomer_gateway_id\u003ecgw-06f308ed984073a52\u003c/customer_gateway_id\u003e\n  \u003cvpn_gateway_id\u003evgw-0d0884663925a0aef\u003c/vpn_gateway_id\u003e\n  \u003cvpn_connection_type\u003eipsec.1\u003c/vpn_connection_type\u003e\n  \u003cipsec_tunnel\u003e\n    \u003ccustomer_gateway\u003e\n      \u003ctunnel_outside_address\u003e\n        \u003cip_address\u003e35.242.51.182\u003c/ip_address\u003e\n      \u003c/tunnel_outside_address\u003e\n      \u003ctunnel_inside_address\u003e\n        \u003cip_address\u003e169.254.214.206\u003c/ip_address\u003e\n        \u003cnetwork_mask\u003e255.255.255.252\u003c/network_mask\u003e\n        \u003cnetwork_cidr\u003e30\u003c/network_cidr\u003e\n      \u003c/tunnel_inside_address\u003e\n      \u003cbgp\u003e\n        \u003casn\u003e65000\u003c/asn\u003e\n        \u003chold_time\u003e30\u003c/hold_time\u003e\n      \u003c/bgp\u003e\n    \u003c/customer_gateway\u003e\n    \u003cvpn_gateway\u003e\n      \u003ctunnel_outside_address\u003e\n        \u003cip_address\u003e52.35.244.174\u003c/ip_address\u003e\n      \u003c/tunnel_outside_address\u003e\n      \u003ctunnel_inside_address\u003e\n        \u003cip_address\u003e169.254.214.205\u003c/ip_address\u003e\n        \u003cnetwork_mask\u003e255.255.255.252\u003c/network_mask\u003e\n        \u003cnetwork_cidr\u003e30\u003c/network_cidr\u003e\n      \u003c/tunnel_inside_address\u003e\n      \u003cbgp\u003e\n        \u003casn\u003e64512\u003c/asn\u003e\n        \u003chold_time\u003e30\u003c/hold_time\u003e\n      \u003c/bgp\u003e\n    \u003c/vpn_gateway\u003e\n    \u003cike\u003e\n      \u003cauthentication_protocol\u003esha1\u003c/authentication_protocol\u003e\n      \u003cencryption_protocol\u003eaes-128-cbc\u003c/encryption_protocol\u003e\n      \u003clifetime\u003e28800\u003c/lifetime\u003e\n      \u003cperfect_forward_secrecy\u003egroup2\u003c/perfect_forward_secrecy\u003e\n      \u003cmode\u003emain\u003c/mode\u003e\n      \u003cpre_shared_key\u003eZn6PTicSR1I49_.mseGDLddhuls9ZRl_\u003c/pre_shared_key\u003e\n    \u003c/ike\u003e\n    \u003cipsec\u003e\n      \u003cprotocol\u003eesp\u003c/protocol\u003e\n      \u003cauthentication_protocol\u003ehmac-sha1-96\u003c/authentication_protocol\u003e\n      \u003cencryption_protocol\u003eaes-128-cbc\u003c/encryption_protocol\u003e\n      \u003clifetime\u003e3600\u003c/lifetime\u003e\n      \u003cperfect_forward_secrecy\u003egroup2\u003c/perfect_forward_secrecy\u003e\n      \u003cmode\u003etunnel\u003c/mode\u003e\n      \u003cclear_df_bit\u003etrue\u003c/clear_df_bit\u003e\n      \u003cfragmentation_before_encryption\u003etrue\u003c/fragmentation_before_encryption\u003e\n      \u003ctcp_mss_adjustment\u003e1379\u003c/tcp_mss_adjustment\u003e\n      \u003cdead_peer_detection\u003e\n        \u003cinterval\u003e10\u003c/interval\u003e\n        \u003cretries\u003e3\u003c/retries\u003e\n      \u003c/dead_peer_detection\u003e\n    \u003c/ipsec\u003e\n  \u003c/ipsec_tunnel\u003e\n  \u003cipsec_tunnel\u003e\n    \u003ccustomer_gateway\u003e\n      \u003ctunnel_outside_address\u003e\n        \u003cip_address\u003e35.242.51.182\u003c/ip_address\u003e\n      \u003c/tunnel_outside_address\u003e\n      \u003ctunnel_inside_address\u003e\n        \u003cip_address\u003e169.254.177.190\u003c/ip_address\u003e\n        \u003cnetwork_mask\u003e255.255.255.252\u003c/network_mask\u003e\n        \u003cnetwork_cidr\u003e30\u003c/network_cidr\u003e\n      \u003c/tunnel_inside_address\u003e\n      \u003cbgp\u003e\n        \u003casn\u003e65000\u003c/asn\u003e\n        \u003chold_time\u003e30\u003c/hold_time\u003e\n      \u003c/bgp\u003e\n    \u003c/customer_gateway\u003e\n    \u003cvpn_gateway\u003e\n      \u003ctunnel_outside_address\u003e\n        \u003cip_address\u003e52.38.132.181\u003c/ip_address\u003e\n      \u003c/tunnel_outside_address\u003e\n      \u003ctunnel_inside_address\u003e\n        \u003cip_address\u003e169.254.177.189\u003c/ip_address\u003e\n        \u003cnetwork_mask\u003e255.255.255.252\u003c/network_mask\u003e\n        \u003cnetwork_cidr\u003e30\u003c/network_cidr\u003e\n      \u003c/tunnel_inside_address\u003e\n      \u003cbgp\u003e\n        \u003casn\u003e64512\u003c/asn\u003e\n        \u003chold_time\u003e30\u003c/hold_time\u003e\n      \u003c/bgp\u003e\n    \u003c/vpn_gateway\u003e\n    \u003cike\u003e\n      \u003cauthentication_protocol\u003esha1\u003c/authentication_protocol\u003e\n      \u003cencryption_protocol\u003eaes-128-cbc\u003c/encryption_protocol\u003e\n      \u003clifetime\u003e28800\u003c/lifetime\u003e\n      \u003cperfect_forward_secrecy\u003egroup2\u003c/perfect_forward_secrecy\u003e\n      \u003cmode\u003emain\u003c/mode\u003e\n      \u003cpre_shared_key\u003ew6KcibJzRKFYxHA.8TtmVfatO1YjCOoU\u003c/pre_shared_key\u003e\n    \u003c/ike\u003e\n    \u003cipsec\u003e\n      \u003cprotocol\u003eesp\u003c/protocol\u003e\n      \u003cauthentication_protocol\u003ehmac-sha1-96\u003c/authentication_protocol\u003e\n      \u003cencryption_protocol\u003eaes-128-cbc\u003c/encryption_protocol\u003e\n      \u003clifetime\u003e3600\u003c/lifetime\u003e\n      \u003cperfect_forward_secrecy\u003egroup2\u003c/perfect_forward_secrecy\u003e\n      \u003cmode\u003etunnel\u003c/mode\u003e\n      \u003cclear_df_bit\u003etrue\u003c/clear_df_bit\u003e\n      \u003cfragmentation_before_encryption\u003etrue\u003c/fragmentation_before_encryption\u003e\n      \u003ctcp_mss_adjustment\u003e1379\u003c/tcp_mss_adjustment\u003e\n      \u003cdead_peer_detection\u003e\n        \u003cinterval\u003e10\u003c/interval\u003e\n        \u003cretries\u003e3\u003c/retries\u003e\n      \u003c/dead_peer_detection\u003e\n    \u003c/ipsec\u003e\n  \u003c/ipsec_tunnel\u003e\n\u003c/vpn_connection\u003e\n",
            "customer_gateway_id": "cgw-06f308ed984073a52",
            "enable_acceleration": false,
            "id": "vpn-0a309c406737b2967",
            "local_ipv4_network_cidr": "0.0.0.0/0",
            "local_ipv6_network_cidr": "",
            "remote_ipv4_network_cidr": "0.0.0.0/0",
            "remote_ipv6_network_cidr": "",
            "routes": [],
            "static_routes_only": false,
            "tags": {
              "Name": "aws-vpn-connection1"
            },
            "tags_all": {
              "Name": "aws-vpn-connection1"
            },
            "transit_gateway_attachment_id": "",
            "transit_gateway_id": "",
            "tunnel1_address": "52.35.244.174",
            "tunnel1_bgp_asn": "64512",
            "tunnel1_bgp_holdtime": 30,
            "tunnel1_cgw_inside_address": "169.254.214.206",
            "tunnel1_dpd_timeout_action": "",
            "tunnel1_dpd_timeout_seconds": 0,
            "tunnel1_ike_versions": null,
            "tunnel1_inside_cidr": "169.254.214.204/30",
            "tunnel1_inside_ipv6_cidr": "",
            "tunnel1_phase1_dh_group_numbers": null,
            "tunnel1_phase1_encryption_algorithms": null,
            "tunnel1_phase1_integrity_algorithms": null,
            "tunnel1_phase1_lifetime_seconds": 0,
            "tunnel1_phase2_dh_group_numbers": null,
            "tunnel1_phase2_encryption_algorithms": null,
            "tunnel1_phase2_integrity_algorithms": null,
            "tunnel1_phase2_lifetime_seconds": 0,
            "tunnel1_preshared_key": "Zn6PTicSR1I49_.mseGDLddhuls9ZRl_",
            "tunnel1_rekey_fuzz_percentage": 0,
            "tunnel1_rekey_margin_time_seconds": 0,
            "tunnel1_replay_window_size": 0,
            "tunnel1_startup_action": "",
            "tunnel1_vgw_inside_address": "169.254.214.205",
            "tunnel2_address": "52.38.132.181",
            "tunnel2_bgp_asn": "64512",
            "tunnel2_bgp_holdtime": 30,
            "tunnel2_cgw_inside_address": "169.254.177.190",
            "tunnel2_dpd_timeout_action": "",
            "tunnel2_dpd_timeout_seconds": 0,
            "tunnel2_ike_versions": null,
            "tunnel2_inside_cidr": "169.254.177.188/30",
            "tunnel2_inside_ipv6_cidr": "",
            "tunnel2_phase1_dh_group_numbers": null,
            "tunnel2_phase1_encryption_algorithms": null,
            "tunnel2_phase1_integrity_algorithms": null,
            "tunnel2_phase1_lifetime_seconds": 0,
            "tunnel2_phase2_dh_group_numbers": null,
            "tunnel2_phase2_encryption_algorithms": null,
            "tunnel2_phase2_integrity_algorithms": null,
            "tunnel2_phase2_lifetime_seconds": 0,
            "tunnel2_preshared_key": "w6KcibJzRKFYxHA.8TtmVfatO1YjCOoU",
            "tunnel2_rekey_fuzz_percentage": 0,
            "tunnel2_rekey_margin_time_seconds": 0,
            "tunnel2_replay_window_size": 0,
            "tunnel2_startup_action": "",
            "tunnel2_vgw_inside_address": "169.254.177.189",
            "tunnel_inside_ip_version": "ipv4",
            "type": "ipsec.1",
            "vgw_telemetry": [
              {
                "accepted_route_count": 0,
                "certificate_arn": "",
                "last_status_change": "2024-08-10T09:11:59Z",
                "outside_ip_address": "52.35.244.174",
                "status": "DOWN",
                "status_message": "IPSEC IS DOWN"
              },
              {
                "accepted_route_count": 0,
                "certificate_arn": "",
                "last_status_change": "2024-08-10T09:12:01Z",
                "outside_ip_address": "52.38.132.181",
                "status": "DOWN",
                "status_message": "IPSEC IS DOWN"
              }
            ],
            "vpn_gateway_id": "vgw-0d0884663925a0aef"
          },
          "sensitive_attributes": [],
          "private": "bnVsbA==",
          "dependencies": [
            "aws_customer_gateway.aws-cgw-1",
            "aws_vpc.tcb-aws-vpc",
            "aws_vpn_gateway.aws-vpn-gw",
            "google_compute_ha_vpn_gateway.gcp-vpn-gw",
            "google_compute_network.tcb-gcp-network"
          ]
        }
      ]
    },
    {
      "mode": "managed",
      "type": "aws_vpn_connection",
      "name": "aws-vpn-connection2",
      "provider": "provider[\"registry.terraform.io/hashicorp/aws\"]",
      "instances": [
        {
          "schema_version": 0,
          "attributes": {
            "arn": "arn:aws:ec2:us-west-2:942700783348:vpn-connection/vpn-0942d8ef39e1c481b",
            "core_network_arn": "",
            "core_network_attachment_arn": "",
            "customer_gateway_configuration": "\u003c?xml version=\"1.0\" encoding=\"UTF-8\"?\u003e\n\u003cvpn_connection id=\"vpn-0942d8ef39e1c481b\"\u003e\n  \u003ccustomer_gateway_id\u003ecgw-0598142169eb1b8d4\u003c/customer_gateway_id\u003e\n  \u003cvpn_gateway_id\u003evgw-0d0884663925a0aef\u003c/vpn_gateway_id\u003e\n  \u003cvpn_connection_type\u003eipsec.1\u003c/vpn_connection_type\u003e\n  \u003cipsec_tunnel\u003e\n    \u003ccustomer_gateway\u003e\n      \u003ctunnel_outside_address\u003e\n        \u003cip_address\u003e35.220.54.217\u003c/ip_address\u003e\n      \u003c/tunnel_outside_address\u003e\n      \u003ctunnel_inside_address\u003e\n        \u003cip_address\u003e169.254.23.42\u003c/ip_address\u003e\n        \u003cnetwork_mask\u003e255.255.255.252\u003c/network_mask\u003e\n        \u003cnetwork_cidr\u003e30\u003c/network_cidr\u003e\n      \u003c/tunnel_inside_address\u003e\n      \u003cbgp\u003e\n        \u003casn\u003e65000\u003c/asn\u003e\n        \u003chold_time\u003e30\u003c/hold_time\u003e\n      \u003c/bgp\u003e\n    \u003c/customer_gateway\u003e\n    \u003cvpn_gateway\u003e\n      \u003ctunnel_outside_address\u003e\n        \u003cip_address\u003e44.233.68.150\u003c/ip_address\u003e\n      \u003c/tunnel_outside_address\u003e\n      \u003ctunnel_inside_address\u003e\n        \u003cip_address\u003e169.254.23.41\u003c/ip_address\u003e\n        \u003cnetwork_mask\u003e255.255.255.252\u003c/network_mask\u003e\n        \u003cnetwork_cidr\u003e30\u003c/network_cidr\u003e\n      \u003c/tunnel_inside_address\u003e\n      \u003cbgp\u003e\n        \u003casn\u003e64512\u003c/asn\u003e\n        \u003chold_time\u003e30\u003c/hold_time\u003e\n      \u003c/bgp\u003e\n    \u003c/vpn_gateway\u003e\n    \u003cike\u003e\n      \u003cauthentication_protocol\u003esha1\u003c/authentication_protocol\u003e\n      \u003cencryption_protocol\u003eaes-128-cbc\u003c/encryption_protocol\u003e\n      \u003clifetime\u003e28800\u003c/lifetime\u003e\n      \u003cperfect_forward_secrecy\u003egroup2\u003c/perfect_forward_secrecy\u003e\n      \u003cmode\u003emain\u003c/mode\u003e\n      \u003cpre_shared_key\u003eUCO3I_uDV09yfrBG2ZA_ZJXwyy82oeyj\u003c/pre_shared_key\u003e\n    \u003c/ike\u003e\n    \u003cipsec\u003e\n      \u003cprotocol\u003eesp\u003c/protocol\u003e\n      \u003cauthentication_protocol\u003ehmac-sha1-96\u003c/authentication_protocol\u003e\n      \u003cencryption_protocol\u003eaes-128-cbc\u003c/encryption_protocol\u003e\n      \u003clifetime\u003e3600\u003c/lifetime\u003e\n      \u003cperfect_forward_secrecy\u003egroup2\u003c/perfect_forward_secrecy\u003e\n      \u003cmode\u003etunnel\u003c/mode\u003e\n      \u003cclear_df_bit\u003etrue\u003c/clear_df_bit\u003e\n      \u003cfragmentation_before_encryption\u003etrue\u003c/fragmentation_before_encryption\u003e\n      \u003ctcp_mss_adjustment\u003e1379\u003c/tcp_mss_adjustment\u003e\n      \u003cdead_peer_detection\u003e\n        \u003cinterval\u003e10\u003c/interval\u003e\n        \u003cretries\u003e3\u003c/retries\u003e\n      \u003c/dead_peer_detection\u003e\n    \u003c/ipsec\u003e\n  \u003c/ipsec_tunnel\u003e\n  \u003cipsec_tunnel\u003e\n    \u003ccustomer_gateway\u003e\n      \u003ctunnel_outside_address\u003e\n        \u003cip_address\u003e35.220.54.217\u003c/ip_address\u003e\n      \u003c/tunnel_outside_address\u003e\n      \u003ctunnel_inside_address\u003e\n        \u003cip_address\u003e169.254.169.242\u003c/ip_address\u003e\n        \u003cnetwork_mask\u003e255.255.255.252\u003c/network_mask\u003e\n        \u003cnetwork_cidr\u003e30\u003c/network_cidr\u003e\n      \u003c/tunnel_inside_address\u003e\n      \u003cbgp\u003e\n        \u003casn\u003e65000\u003c/asn\u003e\n        \u003chold_time\u003e30\u003c/hold_time\u003e\n      \u003c/bgp\u003e\n    \u003c/customer_gateway\u003e\n    \u003cvpn_gateway\u003e\n      \u003ctunnel_outside_address\u003e\n        \u003cip_address\u003e54.213.36.155\u003c/ip_address\u003e\n      \u003c/tunnel_outside_address\u003e\n      \u003ctunnel_inside_address\u003e\n        \u003cip_address\u003e169.254.169.241\u003c/ip_address\u003e\n        \u003cnetwork_mask\u003e255.255.255.252\u003c/network_mask\u003e\n        \u003cnetwork_cidr\u003e30\u003c/network_cidr\u003e\n      \u003c/tunnel_inside_address\u003e\n      \u003cbgp\u003e\n        \u003casn\u003e64512\u003c/asn\u003e\n        \u003chold_time\u003e30\u003c/hold_time\u003e\n      \u003c/bgp\u003e\n    \u003c/vpn_gateway\u003e\n    \u003cike\u003e\n      \u003cauthentication_protocol\u003esha1\u003c/authentication_protocol\u003e\n      \u003cencryption_protocol\u003eaes-128-cbc\u003c/encryption_protocol\u003e\n      \u003clifetime\u003e28800\u003c/lifetime\u003e\n      \u003cperfect_forward_secrecy\u003egroup2\u003c/perfect_forward_secrecy\u003e\n      \u003cmode\u003emain\u003c/mode\u003e\n      \u003cpre_shared_key\u003ervHsXXDlqhKOi_69SzGEjCv6apcIexjY\u003c/pre_shared_key\u003e\n    \u003c/ike\u003e\n    \u003cipsec\u003e\n      \u003cprotocol\u003eesp\u003c/protocol\u003e\n      \u003cauthentication_protocol\u003ehmac-sha1-96\u003c/authentication_protocol\u003e\n      \u003cencryption_protocol\u003eaes-128-cbc\u003c/encryption_protocol\u003e\n      \u003clifetime\u003e3600\u003c/lifetime\u003e\n      \u003cperfect_forward_secrecy\u003egroup2\u003c/perfect_forward_secrecy\u003e\n      \u003cmode\u003etunnel\u003c/mode\u003e\n      \u003cclear_df_bit\u003etrue\u003c/clear_df_bit\u003e\n      \u003cfragmentation_before_encryption\u003etrue\u003c/fragmentation_before_encryption\u003e\n      \u003ctcp_mss_adjustment\u003e1379\u003c/tcp_mss_adjustment\u003e\n      \u003cdead_peer_detection\u003e\n        \u003cinterval\u003e10\u003c/interval\u003e\n        \u003cretries\u003e3\u003c/retries\u003e\n      \u003c/dead_peer_detection\u003e\n    \u003c/ipsec\u003e\n  \u003c/ipsec_tunnel\u003e\n\u003c/vpn_connection\u003e\n",
            "customer_gateway_id": "cgw-0598142169eb1b8d4",
            "enable_acceleration": false,
            "id": "vpn-0942d8ef39e1c481b",
            "local_ipv4_network_cidr": "0.0.0.0/0",
            "local_ipv6_network_cidr": "",
            "remote_ipv4_network_cidr": "0.0.0.0/0",
            "remote_ipv6_network_cidr": "",
            "routes": [],
            "static_routes_only": false,
            "tags": {
              "Name": "aws-vpn-connection2"
            },
            "tags_all": {
              "Name": "aws-vpn-connection2"
            },
            "transit_gateway_attachment_id": "",
            "transit_gateway_id": "",
            "tunnel1_address": "44.233.68.150",
            "tunnel1_bgp_asn": "64512",
            "tunnel1_bgp_holdtime": 30,
            "tunnel1_cgw_inside_address": "169.254.23.42",
            "tunnel1_dpd_timeout_action": "",
            "tunnel1_dpd_timeout_seconds": 0,
            "tunnel1_ike_versions": null,
            "tunnel1_inside_cidr": "169.254.23.40/30",
            "tunnel1_inside_ipv6_cidr": "",
            "tunnel1_phase1_dh_group_numbers": null,
            "tunnel1_phase1_encryption_algorithms": null,
            "tunnel1_phase1_integrity_algorithms": null,
            "tunnel1_phase1_lifetime_seconds": 0,
            "tunnel1_phase2_dh_group_numbers": null,
            "tunnel1_phase2_encryption_algorithms": null,
            "tunnel1_phase2_integrity_algorithms": null,
            "tunnel1_phase2_lifetime_seconds": 0,
            "tunnel1_preshared_key": "UCO3I_uDV09yfrBG2ZA_ZJXwyy82oeyj",
            "tunnel1_rekey_fuzz_percentage": 0,
            "tunnel1_rekey_margin_time_seconds": 0,
            "tunnel1_replay_window_size": 0,
            "tunnel1_startup_action": "",
            "tunnel1_vgw_inside_address": "169.254.23.41",
            "tunnel2_address": "54.213.36.155",
            "tunnel2_bgp_asn": "64512",
            "tunnel2_bgp_holdtime": 30,
            "tunnel2_cgw_inside_address": "169.254.169.242",
            "tunnel2_dpd_timeout_action": "",
            "tunnel2_dpd_timeout_seconds": 0,
            "tunnel2_ike_versions": null,
            "tunnel2_inside_cidr": "169.254.169.240/30",
            "tunnel2_inside_ipv6_cidr": "",
            "tunnel2_phase1_dh_group_numbers": null,
            "tunnel2_phase1_encryption_algorithms": null,
            "tunnel2_phase1_integrity_algorithms": null,
            "tunnel2_phase1_lifetime_seconds": 0,
            "tunnel2_phase2_dh_group_numbers": null,
            "tunnel2_phase2_encryption_algorithms": null,
            "tunnel2_phase2_integrity_algorithms": null,
            "tunnel2_phase2_lifetime_seconds": 0,
            "tunnel2_preshared_key": "rvHsXXDlqhKOi_69SzGEjCv6apcIexjY",
            "tunnel2_rekey_fuzz_percentage": 0,
            "tunnel2_rekey_margin_time_seconds": 0,
            "tunnel2_replay_window_size": 0,
            "tunnel2_startup_action": "",
            "tunnel2_vgw_inside_address": "169.254.169.241",
            "tunnel_inside_ip_version": "ipv4",
            "type": "ipsec.1",
            "vgw_telemetry": [
              {
                "accepted_route_count": 0,
                "certificate_arn": "",
                "last_status_change": "2024-08-10T09:12:02Z",
                "outside_ip_address": "44.233.68.150",
                "status": "DOWN",
                "status_message": "IPSEC IS DOWN"
              },
              {
                "accepted_route_count": 0,
                "certificate_arn": "",
                "last_status_change": "2024-08-10T09:12:02Z",
                "outside_ip_address": "54.213.36.155",
                "status": "DOWN",
                "status_message": "IPSEC IS DOWN"
              }
            ],
            "vpn_gateway_id": "vgw-0d0884663925a0aef"
          },
          "sensitive_attributes": [],
          "private": "bnVsbA==",
          "dependencies": [
            "aws_customer_gateway.aws-cgw-2",
            "aws_vpc.tcb-aws-vpc",
            "aws_vpn_gateway.aws-vpn-gw",
            "google_compute_ha_vpn_gateway.gcp-vpn-gw",
            "google_compute_network.tcb-gcp-network"
          ]
        }
      ]
    },
    {
      "mode": "managed",
      "type": "aws_vpn_gateway",
      "name": "aws-vpn-gw",
      "provider": "provider[\"registry.terraform.io/hashicorp/aws\"]",
      "instances": [
        {
          "schema_version": 0,
          "attributes": {
            "amazon_side_asn": "64512",
            "arn": "arn:aws:ec2:us-west-2:942700783348:vpn-gateway/vgw-0d0884663925a0aef",
            "availability_zone": null,
            "id": "vgw-0d0884663925a0aef",
            "tags": null,
            "tags_all": {},
            "vpc_id": "vpc-00de99d864fb07a7e"
          },
          "sensitive_attributes": [],
          "private": "bnVsbA==",
          "dependencies": [
            "aws_vpc.tcb-aws-vpc"
          ]
        }
      ]
    },
    {
      "mode": "managed",
      "type": "google_compute_address",
      "name": "gcp-ip",
      "provider": "provider[\"registry.terraform.io/hashicorp/google\"]",
      "instances": [
        {
          "schema_version": 0,
          "attributes": {
            "address": "34.127.18.230",
            "address_type": "EXTERNAL",
            "creation_timestamp": "2024-08-10T02:08:44.631-07:00",
            "description": "",
            "id": "projects/hp-gcp-aws/regions/us-west1/addresses/gcp-vm-ip",
            "name": "gcp-vm-ip",
            "network": "",
            "network_tier": "PREMIUM",
            "prefix_length": 0,
            "project": "hp-gcp-aws",
            "purpose": "",
            "region": "us-west1",
            "self_link": "https://www.googleapis.com/compute/v1/projects/hp-gcp-aws/regions/us-west1/addresses/gcp-vm-ip",
            "subnetwork": "",
            "timeouts": null,
            "users": []
          },
          "sensitive_attributes": [],
          "private": "eyJlMmJmYjczMC1lY2FhLTExZTYtOGY4OC0zNDM2M2JjN2M0YzAiOnsiY3JlYXRlIjoxMjAwMDAwMDAwMDAwLCJkZWxldGUiOjEyMDAwMDAwMDAwMDB9fQ=="
        }
      ]
    },
    {
      "mode": "managed",
      "type": "google_compute_external_vpn_gateway",
      "name": "external_gateway",
      "provider": "provider[\"registry.terraform.io/hashicorp/google\"]",
      "instances": [
        {
          "schema_version": 0,
          "attributes": {
            "description": "Dual AWS VPN gateways",
            "id": "projects/hp-gcp-aws/global/externalVpnGateways/aws-gateway",
            "interface": [
              {
                "id": 0,
                "ip_address": "52.35.244.174"
              },
              {
                "id": 1,
                "ip_address": "52.38.132.181"
              },
              {
                "id": 2,
                "ip_address": "44.233.68.150"
              },
              {
                "id": 3,
                "ip_address": "54.213.36.155"
              }
            ],
            "name": "aws-gateway",
            "project": "hp-gcp-aws",
            "redundancy_type": "FOUR_IPS_REDUNDANCY",
            "self_link": "https://www.googleapis.com/compute/v1/projects/hp-gcp-aws/global/externalVpnGateways/aws-gateway",
            "timeouts": null
          },
          "sensitive_attributes": [],
          "private": "eyJlMmJmYjczMC1lY2FhLTExZTYtOGY4OC0zNDM2M2JjN2M0YzAiOnsiY3JlYXRlIjoxMjAwMDAwMDAwMDAwLCJkZWxldGUiOjEyMDAwMDAwMDAwMDB9fQ==",
          "dependencies": [
            "aws_customer_gateway.aws-cgw-1",
            "aws_customer_gateway.aws-cgw-2",
            "aws_vpc.tcb-aws-vpc",
            "aws_vpn_connection.aws-vpn-connection1",
            "aws_vpn_connection.aws-vpn-connection2",
            "aws_vpn_gateway.aws-vpn-gw",
            "google_compute_ha_vpn_gateway.gcp-vpn-gw",
            "google_compute_network.tcb-gcp-network"
          ]
        }
      ]
    },
    {
      "mode": "managed",
      "type": "google_compute_firewall",
      "name": "gcp-allow-icmp",
      "provider": "provider[\"registry.terraform.io/hashicorp/google\"]",
      "instances": [
        {
          "schema_version": 1,
          "attributes": {
            "allow": [
              {
                "ports": [],
                "protocol": "icmp"
              }
            ],
            "creation_timestamp": "2024-08-10T02:08:54.225-07:00",
            "deny": [],
            "description": "",
            "destination_ranges": [],
            "direction": "INGRESS",
            "disabled": false,
            "enable_logging": null,
            "id": "projects/hp-gcp-aws/global/firewalls/tcb-gcp-network-gcp-allow-icmp",
            "log_config": [],
            "name": "tcb-gcp-network-gcp-allow-icmp",
            "network": "https://www.googleapis.com/compute/v1/projects/hp-gcp-aws/global/networks/tcb-gcp-network",
            "priority": 1000,
            "project": "hp-gcp-aws",
            "self_link": "https://www.googleapis.com/compute/v1/projects/hp-gcp-aws/global/firewalls/tcb-gcp-network-gcp-allow-icmp",
            "source_ranges": [
              "0.0.0.0/0"
            ],
            "source_service_accounts": null,
            "source_tags": null,
            "target_service_accounts": null,
            "target_tags": null,
            "timeouts": null
          },
          "sensitive_attributes": [],
          "private": "eyJlMmJmYjczMC1lY2FhLTExZTYtOGY4OC0zNDM2M2JjN2M0YzAiOnsiY3JlYXRlIjoxMjAwMDAwMDAwMDAwLCJkZWxldGUiOjEyMDAwMDAwMDAwMDAsInVwZGF0ZSI6MTIwMDAwMDAwMDAwMH0sInNjaGVtYV92ZXJzaW9uIjoiMSJ9",
          "dependencies": [
            "google_compute_network.tcb-gcp-network"
          ]
        }
      ]
    },
    {
      "mode": "managed",
      "type": "google_compute_firewall",
      "name": "gcp-allow-internet",
      "provider": "provider[\"registry.terraform.io/hashicorp/google\"]",
      "instances": [
        {
          "schema_version": 1,
          "attributes": {
            "allow": [
              {
                "ports": [
                  "80"
                ],
                "protocol": "tcp"
              }
            ],
            "creation_timestamp": "2024-08-10T02:08:54.183-07:00",
            "deny": [],
            "description": "",
            "destination_ranges": [],
            "direction": "INGRESS",
            "disabled": false,
            "enable_logging": null,
            "id": "projects/hp-gcp-aws/global/firewalls/tcb-gcp-network-gcp-allow-internet",
            "log_config": [],
            "name": "tcb-gcp-network-gcp-allow-internet",
            "network": "https://www.googleapis.com/compute/v1/projects/hp-gcp-aws/global/networks/tcb-gcp-network",
            "priority": 1000,
            "project": "hp-gcp-aws",
            "self_link": "https://www.googleapis.com/compute/v1/projects/hp-gcp-aws/global/firewalls/tcb-gcp-network-gcp-allow-internet",
            "source_ranges": [
              "0.0.0.0/0"
            ],
            "source_service_accounts": null,
            "source_tags": null,
            "target_service_accounts": null,
            "target_tags": null,
            "timeouts": null
          },
          "sensitive_attributes": [],
          "private": "eyJlMmJmYjczMC1lY2FhLTExZTYtOGY4OC0zNDM2M2JjN2M0YzAiOnsiY3JlYXRlIjoxMjAwMDAwMDAwMDAwLCJkZWxldGUiOjEyMDAwMDAwMDAwMDAsInVwZGF0ZSI6MTIwMDAwMDAwMDAwMH0sInNjaGVtYV92ZXJzaW9uIjoiMSJ9",
          "dependencies": [
            "google_compute_network.tcb-gcp-network"
          ]
        }
      ]
    },
    {
      "mode": "managed",
      "type": "google_compute_firewall",
      "name": "gcp-allow-ssh",
      "provider": "provider[\"registry.terraform.io/hashicorp/google\"]",
      "instances": [
        {
          "schema_version": 1,
          "attributes": {
            "allow": [
              {
                "ports": [
                  "22"
                ],
                "protocol": "tcp"
              }
            ],
            "creation_timestamp": "2024-08-10T02:08:54.365-07:00",
            "deny": [],
            "description": "",
            "destination_ranges": [],
            "direction": "INGRESS",
            "disabled": false,
            "enable_logging": null,
            "id": "projects/hp-gcp-aws/global/firewalls/tcb-gcp-network-gcp-allow-ssh",
            "log_config": [],
            "name": "tcb-gcp-network-gcp-allow-ssh",
            "network": "https://www.googleapis.com/compute/v1/projects/hp-gcp-aws/global/networks/tcb-gcp-network",
            "priority": 1000,
            "project": "hp-gcp-aws",
            "self_link": "https://www.googleapis.com/compute/v1/projects/hp-gcp-aws/global/firewalls/tcb-gcp-network-gcp-allow-ssh",
            "source_ranges": [
              "0.0.0.0/0"
            ],
            "source_service_accounts": null,
            "source_tags": null,
            "target_service_accounts": null,
            "target_tags": null,
            "timeouts": null
          },
          "sensitive_attributes": [],
          "private": "eyJlMmJmYjczMC1lY2FhLTExZTYtOGY4OC0zNDM2M2JjN2M0YzAiOnsiY3JlYXRlIjoxMjAwMDAwMDAwMDAwLCJkZWxldGUiOjEyMDAwMDAwMDAwMDAsInVwZGF0ZSI6MTIwMDAwMDAwMDAwMH0sInNjaGVtYV92ZXJzaW9uIjoiMSJ9",
          "dependencies": [
            "google_compute_network.tcb-gcp-network"
          ]
        }
      ]
    },
    {
      "mode": "managed",
      "type": "google_compute_firewall",
      "name": "gcp-allow-vpn",
      "provider": "provider[\"registry.terraform.io/hashicorp/google\"]",
      "instances": [
        {
          "schema_version": 1,
          "attributes": {
            "allow": [
              {
                "ports": [
                  "0-65535"
                ],
                "protocol": "tcp"
              },
              {
                "ports": [
                  "0-65535"
                ],
                "protocol": "udp"
              }
            ],
            "creation_timestamp": "2024-08-10T02:08:54.146-07:00",
            "deny": [],
            "description": "",
            "destination_ranges": [],
            "direction": "INGRESS",
            "disabled": false,
            "enable_logging": null,
            "id": "projects/hp-gcp-aws/global/firewalls/tcb-gcp-network-gcp-allow-vpn",
            "log_config": [],
            "name": "tcb-gcp-network-gcp-allow-vpn",
            "network": "https://www.googleapis.com/compute/v1/projects/hp-gcp-aws/global/networks/tcb-gcp-network",
            "priority": 1000,
            "project": "hp-gcp-aws",
            "self_link": "https://www.googleapis.com/compute/v1/projects/hp-gcp-aws/global/firewalls/tcb-gcp-network-gcp-allow-vpn",
            "source_ranges": [
              "172.16.0.0/24"
            ],
            "source_service_accounts": null,
            "source_tags": null,
            "target_service_accounts": null,
            "target_tags": null,
            "timeouts": null
          },
          "sensitive_attributes": [],
          "private": "eyJlMmJmYjczMC1lY2FhLTExZTYtOGY4OC0zNDM2M2JjN2M0YzAiOnsiY3JlYXRlIjoxMjAwMDAwMDAwMDAwLCJkZWxldGUiOjEyMDAwMDAwMDAwMDAsInVwZGF0ZSI6MTIwMDAwMDAwMDAwMH0sInNjaGVtYV92ZXJzaW9uIjoiMSJ9",
          "dependencies": [
            "google_compute_network.tcb-gcp-network"
          ]
        }
      ]
    },
    {
      "mode": "managed",
      "type": "google_compute_ha_vpn_gateway",
      "name": "gcp-vpn-gw",
      "provider": "provider[\"registry.terraform.io/hashicorp/google\"]",
      "instances": [
        {
          "schema_version": 0,
          "attributes": {
            "description": "",
            "id": "projects/hp-gcp-aws/regions/us-west1/vpnGateways/gcp-vpn-gw-us-west1",
            "name": "gcp-vpn-gw-us-west1",
            "network": "https://www.googleapis.com/compute/v1/projects/hp-gcp-aws/global/networks/tcb-gcp-network",
            "project": "hp-gcp-aws",
            "region": "us-west1",
            "self_link": "https://www.googleapis.com/compute/v1/projects/hp-gcp-aws/regions/us-west1/vpnGateways/gcp-vpn-gw-us-west1",
            "timeouts": null,
            "vpn_interfaces": [
              {
                "id": 0,
                "interconnect_attachment": "",
                "ip_address": "35.242.51.182"
              },
              {
                "id": 1,
                "interconnect_attachment": "",
                "ip_address": "35.220.54.217"
              }
            ]
          },
          "sensitive_attributes": [],
          "private": "eyJlMmJmYjczMC1lY2FhLTExZTYtOGY4OC0zNDM2M2JjN2M0YzAiOnsiY3JlYXRlIjoxMjAwMDAwMDAwMDAwLCJkZWxldGUiOjEyMDAwMDAwMDAwMDB9fQ==",
          "dependencies": [
            "google_compute_network.tcb-gcp-network"
          ]
        }
      ]
    },
    {
      "mode": "managed",
      "type": "google_compute_instance",
      "name": "tcb-gcp-vm-01",
      "provider": "provider[\"registry.terraform.io/hashicorp/google\"]",
      "instances": [
        {
          "schema_version": 6,
          "attributes": {
            "advanced_machine_features": [],
            "allow_stopping_for_update": null,
            "attached_disk": [],
            "boot_disk": [
              {
                "auto_delete": true,
                "device_name": "persistent-disk-0",
                "disk_encryption_key_raw": "",
                "disk_encryption_key_sha256": "",
                "initialize_params": [
                  {
                    "image": "https://www.googleapis.com/compute/v1/projects/ubuntu-os-cloud/global/images/ubuntu-2004-focal-v20240808",
                    "labels": {},
                    "size": 10,
                    "type": "pd-standard"
                  }
                ],
                "kms_key_self_link": "",
                "mode": "READ_WRITE",
                "source": "https://www.googleapis.com/compute/v1/projects/hp-gcp-aws/zones/us-west1-a/disks/tcb-gcp-vm-01"
              }
            ],
            "can_ip_forward": false,
            "confidential_instance_config": [],
            "cpu_platform": "Intel Broadwell",
            "current_status": "RUNNING",
            "deletion_protection": false,
            "description": "",
            "desired_status": null,
            "enable_display": false,
            "guest_accelerator": [],
            "hostname": "",
            "id": "projects/hp-gcp-aws/zones/us-west1-a/instances/tcb-gcp-vm-01",
            "instance_id": "8633103551899013328",
            "label_fingerprint": "42WmSpB8rSM=",
            "labels": null,
            "machine_type": "e2-micro",
            "metadata": null,
            "metadata_fingerprint": "DRKYJk9mbtU=",
            "metadata_startup_script": "#!/bin/bash -xe\n\n# Copyright 2017 Google Inc.\n#\n# Licensed under the Apache License, Version 2.0 (the \"License\");\n# you may not use this file except in compliance with the License.\n# You may obtain a copy of the License at\n#\n#   http://www.apache.org/licenses/LICENSE-2.0\n#\n# Unless required by applicable law or agreed to in writing, software\n# distributed under the License is distributed on an \"AS IS\" BASIS,\n# WITHOUT WARRANTIES OR CONDITIONS OF ANY KIND, either express or implied.\n# See the License for the specific language governing permissions and\n# limitations under the License.\n\n\n# Make it easy to run iperf3.\necho \"iperf3 -c 34.211.134.229 -p 80 -i 1 -t 30 -P 8 -V\" \u003e /tmp/run_iperf_to_ext.sh\nchmod 755 /tmp/run_iperf_to_ext.sh\necho \"iperf3 -c 172.16.0.100 -p 80 -i 1 -t 30 -P 8 -V\" \u003e /tmp/run_iperf_to_int.sh\nchmod 755 /tmp/run_iperf_to_int.sh\n\n# Setup iperf3.\napt-get update\napt-get install -y iperf3\n\ncat \u003e /etc/systemd/system/iperf3.service \u003c\u003cEOF\n[Unit]\nDescription=iPerf 3 Server\n[Service]\nRestart=always\nTimeoutStartSec=0\nRestartSec=3\nWorkingDirectory=/tmp\nExecStart=/usr/bin/iperf3 -s -p 80\n[Install]\nWantedBy=multi-user.target\nEOF\n\nsystemctl daemon-reload\nsystemctl enable iperf3\nsystemctl start iperf3\n",
            "min_cpu_platform": "",
            "name": "tcb-gcp-vm-01",
            "network_interface": [
              {
                "access_config": [
                  {
                    "nat_ip": "34.127.18.230",
                    "network_tier": "PREMIUM",
                    "public_ptr_domain_name": ""
                  }
                ],
                "alias_ip_range": [],
                "ipv6_access_config": [],
                "ipv6_access_type": "",
                "name": "nic0",
                "network": "https://www.googleapis.com/compute/v1/projects/hp-gcp-aws/global/networks/tcb-gcp-network",
                "network_ip": "10.88.0.100",
                "nic_type": "",
                "queue_count": 0,
                "stack_type": "IPV4_ONLY",
                "subnetwork": "https://www.googleapis.com/compute/v1/projects/hp-gcp-aws/regions/us-west1/subnetworks/tcb-gcp-subnet1",
                "subnetwork_project": "hp-gcp-aws"
              }
            ],
            "project": "hp-gcp-aws",
            "reservation_affinity": [],
            "resource_policies": null,
            "scheduling": [
              {
                "automatic_restart": true,
                "min_node_cpus": 0,
                "node_affinities": [],
                "on_host_maintenance": "MIGRATE",
                "preemptible": false
              }
            ],
            "scratch_disk": [],
            "self_link": "https://www.googleapis.com/compute/v1/projects/hp-gcp-aws/zones/us-west1-a/instances/tcb-gcp-vm-01",
            "service_account": [],
            "shielded_instance_config": [
              {
                "enable_integrity_monitoring": true,
                "enable_secure_boot": false,
                "enable_vtpm": true
              }
            ],
            "tags": null,
            "tags_fingerprint": "42WmSpB8rSM=",
            "timeouts": null,
            "zone": "us-west1-a"
          },
          "sensitive_attributes": [],
          "private": "eyJlMmJmYjczMC1lY2FhLTExZTYtOGY4OC0zNDM2M2JjN2M0YzAiOnsiY3JlYXRlIjoxMjAwMDAwMDAwMDAwLCJkZWxldGUiOjEyMDAwMDAwMDAwMDAsInVwZGF0ZSI6MTIwMDAwMDAwMDAwMH0sInNjaGVtYV92ZXJzaW9uIjoiNiJ9",
          "dependencies": [
            "aws_eip.aws-ip",
            "aws_instance.tcb-aws-vm-01",
            "aws_security_group.aws-allow-icmp",
            "aws_security_group.aws-allow-internet",
            "aws_security_group.aws-allow-ssh",
            "aws_security_group.aws-allow-vpn",
            "aws_subnet.tcb-aws-subnet1",
            "aws_vpc.tcb-aws-vpc",
            "data.aws_ami.ubuntu",
            "data.google_compute_zones.available",
            "google_compute_address.gcp-ip",
            "google_compute_network.tcb-gcp-network",
            "google_compute_subnetwork.tcb-gcp-subnet1"
          ]
        }
      ]
    },
    {
      "mode": "managed",
      "type": "google_compute_network",
      "name": "tcb-gcp-network",
      "provider": "provider[\"registry.terraform.io/hashicorp/google\"]",
      "instances": [
        {
          "schema_version": 0,
          "attributes": {
            "auto_create_subnetworks": false,
            "delete_default_routes_on_create": false,
            "description": "",
            "gateway_ipv4": "",
            "id": "projects/hp-gcp-aws/global/networks/tcb-gcp-network",
            "mtu": 0,
            "name": "tcb-gcp-network",
            "project": "hp-gcp-aws",
            "routing_mode": "REGIONAL",
            "self_link": "https://www.googleapis.com/compute/v1/projects/hp-gcp-aws/global/networks/tcb-gcp-network",
            "timeouts": null
          },
          "sensitive_attributes": [],
          "private": "eyJlMmJmYjczMC1lY2FhLTExZTYtOGY4OC0zNDM2M2JjN2M0YzAiOnsiY3JlYXRlIjoxMjAwMDAwMDAwMDAwLCJkZWxldGUiOjEyMDAwMDAwMDAwMDAsInVwZGF0ZSI6MTIwMDAwMDAwMDAwMH19"
        }
      ]
    },
    {
      "mode": "managed",
      "type": "google_compute_router",
      "name": "gcp-router1",
      "provider": "provider[\"registry.terraform.io/hashicorp/google\"]",
      "instances": [
        {
          "schema_version": 0,
          "attributes": {
            "bgp": [
              {
                "advertise_mode": "DEFAULT",
                "advertised_groups": null,
                "advertised_ip_ranges": [],
                "asn": 65000,
                "keepalive_interval": 20
              }
            ],
            "creation_timestamp": "2024-08-10T02:09:20.001-07:00",
            "description": "",
            "encrypted_interconnect_router": false,
            "id": "projects/hp-gcp-aws/regions/us-west1/routers/gcp-router1",
            "name": "gcp-router1",
            "network": "https://www.googleapis.com/compute/v1/projects/hp-gcp-aws/global/networks/tcb-gcp-network",
            "project": "hp-gcp-aws",
            "region": "us-west1",
            "self_link": "https://www.googleapis.com/compute/v1/projects/hp-gcp-aws/regions/us-west1/routers/gcp-router1",
            "timeouts": null
          },
          "sensitive_attributes": [],
          "private": "eyJlMmJmYjczMC1lY2FhLTExZTYtOGY4OC0zNDM2M2JjN2M0YzAiOnsiY3JlYXRlIjoxMjAwMDAwMDAwMDAwLCJkZWxldGUiOjEyMDAwMDAwMDAwMDAsInVwZGF0ZSI6MTIwMDAwMDAwMDAwMH19",
          "dependencies": [
            "aws_customer_gateway.aws-cgw-1",
            "google_compute_ha_vpn_gateway.gcp-vpn-gw",
            "google_compute_network.tcb-gcp-network"
          ]
        }
      ]
    },
    {
      "mode": "managed",
      "type": "google_compute_router",
      "name": "gcp-router2",
      "provider": "provider[\"registry.terraform.io/hashicorp/google\"]",
      "instances": [
        {
          "schema_version": 0,
          "attributes": {
            "bgp": [
              {
                "advertise_mode": "CUSTOM",
                "advertised_groups": [
                  "ALL_SUBNETS"
                ],
                "advertised_ip_ranges": [],
                "asn": 65000,
                "keepalive_interval": 20
              }
            ],
            "creation_timestamp": "2024-08-10T02:09:20.036-07:00",
            "description": "",
            "encrypted_interconnect_router": false,
            "id": "projects/hp-gcp-aws/regions/us-west1/routers/gcp-router2",
            "name": "gcp-router2",
            "network": "https://www.googleapis.com/compute/v1/projects/hp-gcp-aws/global/networks/tcb-gcp-network",
            "project": "hp-gcp-aws",
            "region": "us-west1",
            "self_link": "https://www.googleapis.com/compute/v1/projects/hp-gcp-aws/regions/us-west1/routers/gcp-router2",
            "timeouts": null
          },
          "sensitive_attributes": [],
          "private": "eyJlMmJmYjczMC1lY2FhLTExZTYtOGY4OC0zNDM2M2JjN2M0YzAiOnsiY3JlYXRlIjoxMjAwMDAwMDAwMDAwLCJkZWxldGUiOjEyMDAwMDAwMDAwMDAsInVwZGF0ZSI6MTIwMDAwMDAwMDAwMH19",
          "dependencies": [
            "aws_customer_gateway.aws-cgw-2",
            "google_compute_ha_vpn_gateway.gcp-vpn-gw",
            "google_compute_network.tcb-gcp-network"
          ]
        }
      ]
    },
    {
      "mode": "managed",
      "type": "google_compute_router",
      "name": "gcp-router3",
      "provider": "provider[\"registry.terraform.io/hashicorp/google\"]",
      "instances": [
        {
          "schema_version": 0,
          "attributes": {
            "bgp": [
              {
                "advertise_mode": "CUSTOM",
                "advertised_groups": [
                  "ALL_SUBNETS"
                ],
                "advertised_ip_ranges": [],
                "asn": 65000,
                "keepalive_interval": 20
              }
            ],
            "creation_timestamp": "2024-08-10T02:09:20.169-07:00",
            "description": "",
            "encrypted_interconnect_router": false,
            "id": "projects/hp-gcp-aws/regions/us-west1/routers/gcp-router3",
            "name": "gcp-router3",
            "network": "https://www.googleapis.com/compute/v1/projects/hp-gcp-aws/global/networks/tcb-gcp-network",
            "project": "hp-gcp-aws",
            "region": "us-west1",
            "self_link": "https://www.googleapis.com/compute/v1/projects/hp-gcp-aws/regions/us-west1/routers/gcp-router3",
            "timeouts": null
          },
          "sensitive_attributes": [],
          "private": "eyJlMmJmYjczMC1lY2FhLTExZTYtOGY4OC0zNDM2M2JjN2M0YzAiOnsiY3JlYXRlIjoxMjAwMDAwMDAwMDAwLCJkZWxldGUiOjEyMDAwMDAwMDAwMDAsInVwZGF0ZSI6MTIwMDAwMDAwMDAwMH19",
          "dependencies": [
            "aws_customer_gateway.aws-cgw-2",
            "google_compute_ha_vpn_gateway.gcp-vpn-gw",
            "google_compute_network.tcb-gcp-network"
          ]
        }
      ]
    },
    {
      "mode": "managed",
      "type": "google_compute_router",
      "name": "gcp-router4",
      "provider": "provider[\"registry.terraform.io/hashicorp/google\"]",
      "instances": [
        {
          "schema_version": 0,
          "attributes": {
            "bgp": [
              {
                "advertise_mode": "CUSTOM",
                "advertised_groups": [
                  "ALL_SUBNETS"
                ],
                "advertised_ip_ranges": [],
                "asn": 65000,
                "keepalive_interval": 20
              }
            ],
            "creation_timestamp": "2024-08-10T02:09:20.341-07:00",
            "description": "",
            "encrypted_interconnect_router": false,
            "id": "projects/hp-gcp-aws/regions/us-west1/routers/gcp-router4",
            "name": "gcp-router4",
            "network": "https://www.googleapis.com/compute/v1/projects/hp-gcp-aws/global/networks/tcb-gcp-network",
            "project": "hp-gcp-aws",
            "region": "us-west1",
            "self_link": "https://www.googleapis.com/compute/v1/projects/hp-gcp-aws/regions/us-west1/routers/gcp-router4",
            "timeouts": null
          },
          "sensitive_attributes": [],
          "private": "eyJlMmJmYjczMC1lY2FhLTExZTYtOGY4OC0zNDM2M2JjN2M0YzAiOnsiY3JlYXRlIjoxMjAwMDAwMDAwMDAwLCJkZWxldGUiOjEyMDAwMDAwMDAwMDAsInVwZGF0ZSI6MTIwMDAwMDAwMDAwMH19",
          "dependencies": [
            "aws_customer_gateway.aws-cgw-2",
            "google_compute_ha_vpn_gateway.gcp-vpn-gw",
            "google_compute_network.tcb-gcp-network"
          ]
        }
      ]
    },
    {
      "mode": "managed",
      "type": "google_compute_router_interface",
      "name": "router_interface1",
      "provider": "provider[\"registry.terraform.io/hashicorp/google\"]",
      "instances": [
        {
          "schema_version": 0,
          "attributes": {
            "id": "us-west1/gcp-router1/gcp-to-aws-interface1",
            "interconnect_attachment": "",
            "ip_range": "169.254.214.206/30",
            "name": "gcp-to-aws-interface1",
            "project": "hp-gcp-aws",
            "region": "us-west1",
            "router": "gcp-router1",
            "timeouts": null,
            "vpn_tunnel": "https://www.googleapis.com/compute/v1/projects/hp-gcp-aws/regions/us-west1/vpnTunnels/gcp-tunnel1"
          },
          "sensitive_attributes": [],
          "private": "eyJlMmJmYjczMC1lY2FhLTExZTYtOGY4OC0zNDM2M2JjN2M0YzAiOnsiY3JlYXRlIjoyNDAwMDAwMDAwMDAsImRlbGV0ZSI6MjQwMDAwMDAwMDAwfX0=",
          "dependencies": [
            "aws_customer_gateway.aws-cgw-1",
            "aws_customer_gateway.aws-cgw-2",
            "aws_vpc.tcb-aws-vpc",
            "aws_vpn_connection.aws-vpn-connection1",
            "aws_vpn_connection.aws-vpn-connection2",
            "aws_vpn_gateway.aws-vpn-gw",
            "google_compute_external_vpn_gateway.external_gateway",
            "google_compute_ha_vpn_gateway.gcp-vpn-gw",
            "google_compute_network.tcb-gcp-network",
            "google_compute_router.gcp-router1",
            "google_compute_vpn_tunnel.gcp-tunnel1"
          ]
        }
      ]
    },
    {
      "mode": "managed",
      "type": "google_compute_router_interface",
      "name": "router_interface2",
      "provider": "provider[\"registry.terraform.io/hashicorp/google\"]",
      "instances": [
        {
          "schema_version": 0,
          "attributes": {
            "id": "us-west1/gcp-router2/gcp-to-aws-interface2",
            "interconnect_attachment": "",
            "ip_range": "169.254.177.190/30",
            "name": "gcp-to-aws-interface2",
            "project": "hp-gcp-aws",
            "region": "us-west1",
            "router": "gcp-router2",
            "timeouts": null,
            "vpn_tunnel": "https://www.googleapis.com/compute/v1/projects/hp-gcp-aws/regions/us-west1/vpnTunnels/gcp-tunnel2"
          },
          "sensitive_attributes": [],
          "private": "eyJlMmJmYjczMC1lY2FhLTExZTYtOGY4OC0zNDM2M2JjN2M0YzAiOnsiY3JlYXRlIjoyNDAwMDAwMDAwMDAsImRlbGV0ZSI6MjQwMDAwMDAwMDAwfX0=",
          "dependencies": [
            "aws_customer_gateway.aws-cgw-1",
            "aws_customer_gateway.aws-cgw-2",
            "aws_vpc.tcb-aws-vpc",
            "aws_vpn_connection.aws-vpn-connection1",
            "aws_vpn_connection.aws-vpn-connection2",
            "aws_vpn_gateway.aws-vpn-gw",
            "google_compute_external_vpn_gateway.external_gateway",
            "google_compute_ha_vpn_gateway.gcp-vpn-gw",
            "google_compute_network.tcb-gcp-network",
            "google_compute_router.gcp-router2",
            "google_compute_vpn_tunnel.gcp-tunnel2"
          ]
        }
      ]
    },
    {
      "mode": "managed",
      "type": "google_compute_router_interface",
      "name": "router_interface3",
      "provider": "provider[\"registry.terraform.io/hashicorp/google\"]",
      "instances": [
        {
          "schema_version": 0,
          "attributes": {
            "id": "us-west1/gcp-router3/gcp-to-aws-interface3",
            "interconnect_attachment": "",
            "ip_range": "169.254.23.42/30",
            "name": "gcp-to-aws-interface3",
            "project": "hp-gcp-aws",
            "region": "us-west1",
            "router": "gcp-router3",
            "timeouts": null,
            "vpn_tunnel": "https://www.googleapis.com/compute/v1/projects/hp-gcp-aws/regions/us-west1/vpnTunnels/gcp-tunnel3"
          },
          "sensitive_attributes": [],
          "private": "eyJlMmJmYjczMC1lY2FhLTExZTYtOGY4OC0zNDM2M2JjN2M0YzAiOnsiY3JlYXRlIjoyNDAwMDAwMDAwMDAsImRlbGV0ZSI6MjQwMDAwMDAwMDAwfX0=",
          "dependencies": [
            "aws_customer_gateway.aws-cgw-1",
            "aws_customer_gateway.aws-cgw-2",
            "aws_vpc.tcb-aws-vpc",
            "aws_vpn_connection.aws-vpn-connection1",
            "aws_vpn_connection.aws-vpn-connection2",
            "aws_vpn_gateway.aws-vpn-gw",
            "google_compute_external_vpn_gateway.external_gateway",
            "google_compute_ha_vpn_gateway.gcp-vpn-gw",
            "google_compute_network.tcb-gcp-network",
            "google_compute_router.gcp-router3",
            "google_compute_vpn_tunnel.gcp-tunnel3"
          ]
        }
      ]
    },
    {
      "mode": "managed",
      "type": "google_compute_router_interface",
      "name": "router_interface4",
      "provider": "provider[\"registry.terraform.io/hashicorp/google\"]",
      "instances": [
        {
          "schema_version": 0,
          "attributes": {
            "id": "us-west1/gcp-router4/gcp-to-aws-interface4",
            "interconnect_attachment": "",
            "ip_range": "169.254.169.242/30",
            "name": "gcp-to-aws-interface4",
            "project": "hp-gcp-aws",
            "region": "us-west1",
            "router": "gcp-router4",
            "timeouts": null,
            "vpn_tunnel": "https://www.googleapis.com/compute/v1/projects/hp-gcp-aws/regions/us-west1/vpnTunnels/gcp-tunnel4"
          },
          "sensitive_attributes": [],
          "private": "eyJlMmJmYjczMC1lY2FhLTExZTYtOGY4OC0zNDM2M2JjN2M0YzAiOnsiY3JlYXRlIjoyNDAwMDAwMDAwMDAsImRlbGV0ZSI6MjQwMDAwMDAwMDAwfX0=",
          "dependencies": [
            "aws_customer_gateway.aws-cgw-1",
            "aws_customer_gateway.aws-cgw-2",
            "aws_vpc.tcb-aws-vpc",
            "aws_vpn_connection.aws-vpn-connection1",
            "aws_vpn_connection.aws-vpn-connection2",
            "aws_vpn_gateway.aws-vpn-gw",
            "google_compute_external_vpn_gateway.external_gateway",
            "google_compute_ha_vpn_gateway.gcp-vpn-gw",
            "google_compute_network.tcb-gcp-network",
            "google_compute_router.gcp-router4",
            "google_compute_vpn_tunnel.gcp-tunnel4"
          ]
        }
      ]
    },
    {
      "mode": "managed",
      "type": "google_compute_router_peer",
      "name": "gcp-router1-peer",
      "provider": "provider[\"registry.terraform.io/hashicorp/google\"]",
      "instances": [
        {
          "schema_version": 0,
          "attributes": {
            "advertise_mode": "DEFAULT",
            "advertised_groups": null,
            "advertised_ip_ranges": [],
            "advertised_route_priority": 0,
            "bfd": [
              {
                "min_receive_interval": 1000,
                "min_transmit_interval": 1000,
                "multiplier": 5,
                "session_initialization_mode": "DISABLED"
              }
            ],
            "enable": true,
            "id": "projects/hp-gcp-aws/regions/us-west1/routers/gcp-router1/gcp-to-aws-bgp1",
            "interface": "gcp-to-aws-interface1",
            "ip_address": "169.254.214.206",
            "management_type": "",
            "name": "gcp-to-aws-bgp1",
            "peer_asn": 64512,
            "peer_ip_address": "169.254.214.205",
            "project": "hp-gcp-aws",
            "region": "us-west1",
            "router": "gcp-router1",
            "timeouts": null
          },
          "sensitive_attributes": [],
          "private": "eyJlMmJmYjczMC1lY2FhLTExZTYtOGY4OC0zNDM2M2JjN2M0YzAiOnsiY3JlYXRlIjoxMjAwMDAwMDAwMDAwLCJkZWxldGUiOjEyMDAwMDAwMDAwMDAsInVwZGF0ZSI6MTIwMDAwMDAwMDAwMH19",
          "dependencies": [
            "aws_customer_gateway.aws-cgw-1",
            "aws_customer_gateway.aws-cgw-2",
            "aws_vpc.tcb-aws-vpc",
            "aws_vpn_connection.aws-vpn-connection1",
            "aws_vpn_connection.aws-vpn-connection2",
            "aws_vpn_gateway.aws-vpn-gw",
            "google_compute_external_vpn_gateway.external_gateway",
            "google_compute_ha_vpn_gateway.gcp-vpn-gw",
            "google_compute_network.tcb-gcp-network",
            "google_compute_router.gcp-router1",
            "google_compute_router_interface.router_interface1",
            "google_compute_vpn_tunnel.gcp-tunnel1"
          ]
        }
      ]
    },
    {
      "mode": "managed",
      "type": "google_compute_router_peer",
      "name": "gcp-router2-peer",
      "provider": "provider[\"registry.terraform.io/hashicorp/google\"]",
      "instances": [
        {
          "schema_version": 0,
          "attributes": {
            "advertise_mode": "DEFAULT",
            "advertised_groups": null,
            "advertised_ip_ranges": [],
            "advertised_route_priority": 0,
            "bfd": [
              {
                "min_receive_interval": 1000,
                "min_transmit_interval": 1000,
                "multiplier": 5,
                "session_initialization_mode": "DISABLED"
              }
            ],
            "enable": true,
            "id": "projects/hp-gcp-aws/regions/us-west1/routers/gcp-router2/gcp-to-aws-bgp2",
            "interface": "gcp-to-aws-interface2",
            "ip_address": "169.254.177.190",
            "management_type": "",
            "name": "gcp-to-aws-bgp2",
            "peer_asn": 64512,
            "peer_ip_address": "169.254.177.189",
            "project": "hp-gcp-aws",
            "region": "us-west1",
            "router": "gcp-router2",
            "timeouts": null
          },
          "sensitive_attributes": [],
          "private": "eyJlMmJmYjczMC1lY2FhLTExZTYtOGY4OC0zNDM2M2JjN2M0YzAiOnsiY3JlYXRlIjoxMjAwMDAwMDAwMDAwLCJkZWxldGUiOjEyMDAwMDAwMDAwMDAsInVwZGF0ZSI6MTIwMDAwMDAwMDAwMH19",
          "dependencies": [
            "aws_customer_gateway.aws-cgw-1",
            "aws_customer_gateway.aws-cgw-2",
            "aws_vpc.tcb-aws-vpc",
            "aws_vpn_connection.aws-vpn-connection1",
            "aws_vpn_connection.aws-vpn-connection2",
            "aws_vpn_gateway.aws-vpn-gw",
            "google_compute_external_vpn_gateway.external_gateway",
            "google_compute_ha_vpn_gateway.gcp-vpn-gw",
            "google_compute_network.tcb-gcp-network",
            "google_compute_router.gcp-router2",
            "google_compute_router_interface.router_interface2",
            "google_compute_vpn_tunnel.gcp-tunnel2"
          ]
        }
      ]
    },
    {
      "mode": "managed",
      "type": "google_compute_router_peer",
      "name": "gcp-router3-peer",
      "provider": "provider[\"registry.terraform.io/hashicorp/google\"]",
      "instances": [
        {
          "schema_version": 0,
          "attributes": {
            "advertise_mode": "DEFAULT",
            "advertised_groups": null,
            "advertised_ip_ranges": [],
            "advertised_route_priority": 0,
            "bfd": [
              {
                "min_receive_interval": 1000,
                "min_transmit_interval": 1000,
                "multiplier": 5,
                "session_initialization_mode": "DISABLED"
              }
            ],
            "enable": true,
            "id": "projects/hp-gcp-aws/regions/us-west1/routers/gcp-router3/gcp-to-aws-bgp3",
            "interface": "gcp-to-aws-interface3",
            "ip_address": "169.254.23.42",
            "management_type": "",
            "name": "gcp-to-aws-bgp3",
            "peer_asn": 64512,
            "peer_ip_address": "169.254.23.41",
            "project": "hp-gcp-aws",
            "region": "us-west1",
            "router": "gcp-router3",
            "timeouts": null
          },
          "sensitive_attributes": [],
          "private": "eyJlMmJmYjczMC1lY2FhLTExZTYtOGY4OC0zNDM2M2JjN2M0YzAiOnsiY3JlYXRlIjoxMjAwMDAwMDAwMDAwLCJkZWxldGUiOjEyMDAwMDAwMDAwMDAsInVwZGF0ZSI6MTIwMDAwMDAwMDAwMH19",
          "dependencies": [
            "aws_customer_gateway.aws-cgw-1",
            "aws_customer_gateway.aws-cgw-2",
            "aws_vpc.tcb-aws-vpc",
            "aws_vpn_connection.aws-vpn-connection1",
            "aws_vpn_connection.aws-vpn-connection2",
            "aws_vpn_gateway.aws-vpn-gw",
            "google_compute_external_vpn_gateway.external_gateway",
            "google_compute_ha_vpn_gateway.gcp-vpn-gw",
            "google_compute_network.tcb-gcp-network",
            "google_compute_router.gcp-router3",
            "google_compute_router_interface.router_interface3",
            "google_compute_vpn_tunnel.gcp-tunnel3"
          ]
        }
      ]
    },
    {
      "mode": "managed",
      "type": "google_compute_router_peer",
      "name": "gcp-router4-peer",
      "provider": "provider[\"registry.terraform.io/hashicorp/google\"]",
      "instances": [
        {
          "schema_version": 0,
          "attributes": {
            "advertise_mode": "DEFAULT",
            "advertised_groups": null,
            "advertised_ip_ranges": [],
            "advertised_route_priority": 0,
            "bfd": [
              {
                "min_receive_interval": 1000,
                "min_transmit_interval": 1000,
                "multiplier": 5,
                "session_initialization_mode": "DISABLED"
              }
            ],
            "enable": true,
            "id": "projects/hp-gcp-aws/regions/us-west1/routers/gcp-router4/gcp-to-aws-bgp4",
            "interface": "gcp-to-aws-interface4",
            "ip_address": "169.254.169.242",
            "management_type": "",
            "name": "gcp-to-aws-bgp4",
            "peer_asn": 64512,
            "peer_ip_address": "169.254.169.241",
            "project": "hp-gcp-aws",
            "region": "us-west1",
            "router": "gcp-router4",
            "timeouts": null
          },
          "sensitive_attributes": [],
          "private": "eyJlMmJmYjczMC1lY2FhLTExZTYtOGY4OC0zNDM2M2JjN2M0YzAiOnsiY3JlYXRlIjoxMjAwMDAwMDAwMDAwLCJkZWxldGUiOjEyMDAwMDAwMDAwMDAsInVwZGF0ZSI6MTIwMDAwMDAwMDAwMH19",
          "dependencies": [
            "aws_customer_gateway.aws-cgw-1",
            "aws_customer_gateway.aws-cgw-2",
            "aws_vpc.tcb-aws-vpc",
            "aws_vpn_connection.aws-vpn-connection1",
            "aws_vpn_connection.aws-vpn-connection2",
            "aws_vpn_gateway.aws-vpn-gw",
            "google_compute_external_vpn_gateway.external_gateway",
            "google_compute_ha_vpn_gateway.gcp-vpn-gw",
            "google_compute_network.tcb-gcp-network",
            "google_compute_router.gcp-router4",
            "google_compute_router_interface.router_interface4",
            "google_compute_vpn_tunnel.gcp-tunnel4"
          ]
        }
      ]
    },
    {
      "mode": "managed",
      "type": "google_compute_subnetwork",
      "name": "tcb-gcp-subnet1",
      "provider": "provider[\"registry.terraform.io/hashicorp/google\"]",
      "instances": [
        {
          "schema_version": 0,
          "attributes": {
            "creation_timestamp": "2024-08-10T02:08:55.525-07:00",
            "description": "",
            "external_ipv6_prefix": "",
            "fingerprint": null,
            "gateway_address": "10.88.0.1",
            "id": "projects/hp-gcp-aws/regions/us-west1/subnetworks/tcb-gcp-subnet1",
            "ip_cidr_range": "10.88.0.0/24",
            "ipv6_access_type": "",
            "ipv6_cidr_range": "",
            "log_config": [],
            "name": "tcb-gcp-subnet1",
            "network": "https://www.googleapis.com/compute/v1/projects/hp-gcp-aws/global/networks/tcb-gcp-network",
            "private_ip_google_access": false,
            "private_ipv6_google_access": "DISABLE_GOOGLE_ACCESS",
            "project": "hp-gcp-aws",
            "purpose": "PRIVATE",
            "region": "us-west1",
            "role": "",
            "secondary_ip_range": [],
            "self_link": "https://www.googleapis.com/compute/v1/projects/hp-gcp-aws/regions/us-west1/subnetworks/tcb-gcp-subnet1",
            "stack_type": "IPV4_ONLY",
            "timeouts": null
          },
          "sensitive_attributes": [],
          "private": "eyJlMmJmYjczMC1lY2FhLTExZTYtOGY4OC0zNDM2M2JjN2M0YzAiOnsiY3JlYXRlIjoxMjAwMDAwMDAwMDAwLCJkZWxldGUiOjEyMDAwMDAwMDAwMDAsInVwZGF0ZSI6MTIwMDAwMDAwMDAwMH19",
          "dependencies": [
            "google_compute_network.tcb-gcp-network"
          ]
        }
      ]
    },
    {
      "mode": "managed",
      "type": "google_compute_vpn_tunnel",
      "name": "gcp-tunnel1",
      "provider": "provider[\"registry.terraform.io/hashicorp/google\"]",
      "instances": [
        {
          "schema_version": 0,
          "attributes": {
            "creation_timestamp": "2024-08-10T02:12:41.489-07:00",
            "description": "",
            "detailed_status": "Initial handshake",
            "id": "projects/hp-gcp-aws/regions/us-west1/vpnTunnels/gcp-tunnel1",
            "ike_version": 2,
            "local_traffic_selector": [
              "0.0.0.0/0"
            ],
            "name": "gcp-tunnel1",
            "peer_external_gateway": "https://www.googleapis.com/compute/v1/projects/hp-gcp-aws/global/externalVpnGateways/aws-gateway",
            "peer_external_gateway_interface": 0,
            "peer_gcp_gateway": "",
            "peer_ip": "52.35.244.174",
            "project": "hp-gcp-aws",
            "region": "us-west1",
            "remote_traffic_selector": [
              "0.0.0.0/0"
            ],
            "router": "https://www.googleapis.com/compute/v1/projects/hp-gcp-aws/regions/us-west1/routers/gcp-router1",
            "self_link": "https://www.googleapis.com/compute/v1/projects/hp-gcp-aws/regions/us-west1/vpnTunnels/gcp-tunnel1",
            "shared_secret": "Zn6PTicSR1I49_.mseGDLddhuls9ZRl_",
            "shared_secret_hash": "3Sum-2MqBo5kZ15DZ6RXghAF-N6o",
            "target_vpn_gateway": "",
            "timeouts": null,
            "tunnel_id": "7354242069891289574",
            "vpn_gateway": "https://www.googleapis.com/compute/v1/projects/hp-gcp-aws/regions/us-west1/vpnGateways/gcp-vpn-gw-us-west1",
            "vpn_gateway_interface": 0
          },
          "sensitive_attributes": [
            [
              {
                "type": "get_attr",
                "value": "shared_secret"
              }
            ]
          ],
          "private": "eyJlMmJmYjczMC1lY2FhLTExZTYtOGY4OC0zNDM2M2JjN2M0YzAiOnsiY3JlYXRlIjoxMjAwMDAwMDAwMDAwLCJkZWxldGUiOjEyMDAwMDAwMDAwMDB9fQ==",
          "dependencies": [
            "aws_customer_gateway.aws-cgw-1",
            "aws_customer_gateway.aws-cgw-2",
            "aws_vpc.tcb-aws-vpc",
            "aws_vpn_connection.aws-vpn-connection1",
            "aws_vpn_connection.aws-vpn-connection2",
            "aws_vpn_gateway.aws-vpn-gw",
            "google_compute_external_vpn_gateway.external_gateway",
            "google_compute_ha_vpn_gateway.gcp-vpn-gw",
            "google_compute_network.tcb-gcp-network",
            "google_compute_router.gcp-router1"
          ]
        }
      ]
    },
    {
      "mode": "managed",
      "type": "google_compute_vpn_tunnel",
      "name": "gcp-tunnel2",
      "provider": "provider[\"registry.terraform.io/hashicorp/google\"]",
      "instances": [
        {
          "schema_version": 0,
          "attributes": {
            "creation_timestamp": "2024-08-10T02:12:40.922-07:00",
            "description": "",
            "detailed_status": "Tunnel is up and running.",
            "id": "projects/hp-gcp-aws/regions/us-west1/vpnTunnels/gcp-tunnel2",
            "ike_version": 2,
            "local_traffic_selector": [
              "0.0.0.0/0"
            ],
            "name": "gcp-tunnel2",
            "peer_external_gateway": "https://www.googleapis.com/compute/v1/projects/hp-gcp-aws/global/externalVpnGateways/aws-gateway",
            "peer_external_gateway_interface": 1,
            "peer_gcp_gateway": "",
            "peer_ip": "52.38.132.181",
            "project": "hp-gcp-aws",
            "region": "us-west1",
            "remote_traffic_selector": [
              "0.0.0.0/0"
            ],
            "router": "https://www.googleapis.com/compute/v1/projects/hp-gcp-aws/regions/us-west1/routers/gcp-router2",
            "self_link": "https://www.googleapis.com/compute/v1/projects/hp-gcp-aws/regions/us-west1/vpnTunnels/gcp-tunnel2",
            "shared_secret": "w6KcibJzRKFYxHA.8TtmVfatO1YjCOoU",
            "shared_secret_hash": "6YTYguc6OS3Q5fUabil1so98n-X9",
            "target_vpn_gateway": "",
            "timeouts": null,
            "tunnel_id": "8571339843418362343",
            "vpn_gateway": "https://www.googleapis.com/compute/v1/projects/hp-gcp-aws/regions/us-west1/vpnGateways/gcp-vpn-gw-us-west1",
            "vpn_gateway_interface": 0
          },
          "sensitive_attributes": [
            [
              {
                "type": "get_attr",
                "value": "shared_secret"
              }
            ]
          ],
          "private": "eyJlMmJmYjczMC1lY2FhLTExZTYtOGY4OC0zNDM2M2JjN2M0YzAiOnsiY3JlYXRlIjoxMjAwMDAwMDAwMDAwLCJkZWxldGUiOjEyMDAwMDAwMDAwMDB9fQ==",
          "dependencies": [
            "aws_customer_gateway.aws-cgw-1",
            "aws_customer_gateway.aws-cgw-2",
            "aws_vpc.tcb-aws-vpc",
            "aws_vpn_connection.aws-vpn-connection1",
            "aws_vpn_connection.aws-vpn-connection2",
            "aws_vpn_gateway.aws-vpn-gw",
            "google_compute_external_vpn_gateway.external_gateway",
            "google_compute_ha_vpn_gateway.gcp-vpn-gw",
            "google_compute_network.tcb-gcp-network",
            "google_compute_router.gcp-router2"
          ]
        }
      ]
    },
    {
      "mode": "managed",
      "type": "google_compute_vpn_tunnel",
      "name": "gcp-tunnel3",
      "provider": "provider[\"registry.terraform.io/hashicorp/google\"]",
      "instances": [
        {
          "schema_version": 0,
          "attributes": {
            "creation_timestamp": "2024-08-10T02:12:40.991-07:00",
            "description": "",
            "detailed_status": "Initial handshake",
            "id": "projects/hp-gcp-aws/regions/us-west1/vpnTunnels/gcp-tunnel3",
            "ike_version": 2,
            "local_traffic_selector": [
              "0.0.0.0/0"
            ],
            "name": "gcp-tunnel3",
            "peer_external_gateway": "https://www.googleapis.com/compute/v1/projects/hp-gcp-aws/global/externalVpnGateways/aws-gateway",
            "peer_external_gateway_interface": 2,
            "peer_gcp_gateway": "",
            "peer_ip": "44.233.68.150",
            "project": "hp-gcp-aws",
            "region": "us-west1",
            "remote_traffic_selector": [
              "0.0.0.0/0"
            ],
            "router": "https://www.googleapis.com/compute/v1/projects/hp-gcp-aws/regions/us-west1/routers/gcp-router3",
            "self_link": "https://www.googleapis.com/compute/v1/projects/hp-gcp-aws/regions/us-west1/vpnTunnels/gcp-tunnel3",
            "shared_secret": "UCO3I_uDV09yfrBG2ZA_ZJXwyy82oeyj",
            "shared_secret_hash": "cm86QIqRslQADZ8doE068T1j7JDp",
            "target_vpn_gateway": "",
            "timeouts": null,
            "tunnel_id": "315564564724486631",
            "vpn_gateway": "https://www.googleapis.com/compute/v1/projects/hp-gcp-aws/regions/us-west1/vpnGateways/gcp-vpn-gw-us-west1",
            "vpn_gateway_interface": 1
          },
          "sensitive_attributes": [
            [
              {
                "type": "get_attr",
                "value": "shared_secret"
              }
            ]
          ],
          "private": "eyJlMmJmYjczMC1lY2FhLTExZTYtOGY4OC0zNDM2M2JjN2M0YzAiOnsiY3JlYXRlIjoxMjAwMDAwMDAwMDAwLCJkZWxldGUiOjEyMDAwMDAwMDAwMDB9fQ==",
          "dependencies": [
            "aws_customer_gateway.aws-cgw-1",
            "aws_customer_gateway.aws-cgw-2",
            "aws_vpc.tcb-aws-vpc",
            "aws_vpn_connection.aws-vpn-connection1",
            "aws_vpn_connection.aws-vpn-connection2",
            "aws_vpn_gateway.aws-vpn-gw",
            "google_compute_external_vpn_gateway.external_gateway",
            "google_compute_ha_vpn_gateway.gcp-vpn-gw",
            "google_compute_network.tcb-gcp-network",
            "google_compute_router.gcp-router3"
          ]
        }
      ]
    },
    {
      "mode": "managed",
      "type": "google_compute_vpn_tunnel",
      "name": "gcp-tunnel4",
      "provider": "provider[\"registry.terraform.io/hashicorp/google\"]",
      "instances": [
        {
          "schema_version": 0,
          "attributes": {
            "creation_timestamp": "2024-08-10T02:12:41.500-07:00",
            "description": "",
            "detailed_status": "Tunnel is up and running.",
            "id": "projects/hp-gcp-aws/regions/us-west1/vpnTunnels/gcp-tunnel4",
            "ike_version": 2,
            "local_traffic_selector": [
              "0.0.0.0/0"
            ],
            "name": "gcp-tunnel4",
            "peer_external_gateway": "https://www.googleapis.com/compute/v1/projects/hp-gcp-aws/global/externalVpnGateways/aws-gateway",
            "peer_external_gateway_interface": 3,
            "peer_gcp_gateway": "",
            "peer_ip": "54.213.36.155",
            "project": "hp-gcp-aws",
            "region": "us-west1",
            "remote_traffic_selector": [
              "0.0.0.0/0"
            ],
            "router": "https://www.googleapis.com/compute/v1/projects/hp-gcp-aws/regions/us-west1/routers/gcp-router4",
            "self_link": "https://www.googleapis.com/compute/v1/projects/hp-gcp-aws/regions/us-west1/vpnTunnels/gcp-tunnel4",
            "shared_secret": "rvHsXXDlqhKOi_69SzGEjCv6apcIexjY",
            "shared_secret_hash": "nLLrcnk7v8JJkOph86SDXBrV_OHz",
            "target_vpn_gateway": "",
            "timeouts": null,
            "tunnel_id": "3945044476553761254",
            "vpn_gateway": "https://www.googleapis.com/compute/v1/projects/hp-gcp-aws/regions/us-west1/vpnGateways/gcp-vpn-gw-us-west1",
            "vpn_gateway_interface": 1
          },
          "sensitive_attributes": [
            [
              {
                "type": "get_attr",
                "value": "shared_secret"
              }
            ]
          ],
          "private": "eyJlMmJmYjczMC1lY2FhLTExZTYtOGY4OC0zNDM2M2JjN2M0YzAiOnsiY3JlYXRlIjoxMjAwMDAwMDAwMDAwLCJkZWxldGUiOjEyMDAwMDAwMDAwMDB9fQ==",
          "dependencies": [
            "aws_customer_gateway.aws-cgw-1",
            "aws_customer_gateway.aws-cgw-2",
            "aws_vpc.tcb-aws-vpc",
            "aws_vpn_connection.aws-vpn-connection1",
            "aws_vpn_connection.aws-vpn-connection2",
            "aws_vpn_gateway.aws-vpn-gw",
            "google_compute_external_vpn_gateway.external_gateway",
            "google_compute_ha_vpn_gateway.gcp-vpn-gw",
            "google_compute_network.tcb-gcp-network",
            "google_compute_router.gcp-router4"
          ]
        }
      ]
    }
  ],
  "check_results": null
}
